{
  "version": 4,
  "terraform_version": "1.10.0",
  "serial": 163,
  "lineage": "0a5bcecb-b385-d63e-ce46-293b22293c21",
  "outputs": {
    "api_gateway_url": {
      "value": "bcx-gateway-83yb5y92.uc.gateway.dev",
      "type": "string"
    },
    "cloud_sql_connection_name": {
      "value": "banchanxanh:us-central1:bcx-sql-instance",
      "type": "string"
    },
    "cloud_sql_instance": {
      "value": "bcx-sql-instance",
      "type": "string"
    },
    "identity_platform": {
      "value": {
        "identity_platform": "Identity Platform enabled"
      },
      "type": [
        "object",
        {
          "identity_platform": "string"
        }
      ]
    },
    "kubernetes_cluster": {
      "value": "172.16.0.2",
      "type": "string"
    }
  },
  "resources": [
    {
      "module": "module.api_gateway",
      "mode": "managed",
      "type": "google_api_gateway_api",
      "name": "bcx_api",
      "provider": "provider[\"registry.terraform.io/hashicorp/google-beta\"]",
      "instances": [
        {
          "schema_version": 0,
          "attributes": {
            "api_id": "bcx-api-id",
            "create_time": "2024-12-04T14:10:30.637098758Z",
            "display_name": "API Gateway for Banchanxanh",
            "effective_labels": {
              "goog-terraform-provisioned": "true"
            },
            "id": "projects/banchanxanh/locations/global/apis/bcx-api-id",
            "labels": {},
            "managed_service": "bcx-api-id-3k9oxf5xknggd.apigateway.banchanxanh.cloud.goog",
            "name": "projects/banchanxanh/locations/global/apis/bcx-api-id",
            "project": "banchanxanh",
            "terraform_labels": {
              "goog-terraform-provisioned": "true"
            },
            "timeouts": null
          },
          "sensitive_attributes": [],
          "private": "eyJlMmJmYjczMC1lY2FhLTExZTYtOGY4OC0zNDM2M2JjN2M0YzAiOnsiY3JlYXRlIjoxMjAwMDAwMDAwMDAwLCJkZWxldGUiOjEyMDAwMDAwMDAwMDAsInVwZGF0ZSI6MTIwMDAwMDAwMDAwMH19"
        }
      ]
    },
    {
      "module": "module.api_gateway",
      "mode": "managed",
      "type": "google_api_gateway_api_config",
      "name": "api_config",
      "provider": "provider[\"registry.terraform.io/hashicorp/google-beta\"]",
      "instances": [
        {
          "schema_version": 0,
          "attributes": {
            "api": "bcx-api-id",
            "api_config_id": "terraform-20241206091836984900000001",
            "api_config_id_prefix": null,
            "display_name": "terraform-20241206091836984900000001",
            "effective_labels": {
              "goog-terraform-provisioned": "true"
            },
            "gateway_config": [],
            "grpc_services": [],
            "id": "projects/banchanxanh/locations/global/apis/bcx-api-id/configs/terraform-20241206091836984900000001",
            "labels": {},
            "managed_service_configs": [],
            "name": "projects/635518263206/locations/global/apis/bcx-api-id/configs/terraform-20241206091836984900000001",
            "openapi_documents": [
              {
                "document": [
                  {
                    "contents": "c3dhZ2dlcjogIjIuMCIKaW5mbzoKICB0aXRsZTogIkJhc2ljIEFQSSIKICBkZXNjcmlwdGlvbjogIkEgYmFzaWMgQVBJIEdhdGV3YXkgZXhhbXBsZSIKICB2ZXJzaW9uOiAiMS4wLjAiCmhvc3Q6ICJnYXRld2F5LWlkLWJhbmNoYW54YW5oLmdhdGV3YXkuZGV2Igp4LWdvb2dsZS1lbmRwb2ludHM6CiAgLSBuYW1lOiAiZ2F0ZXdheS1pZC1iYW5jaGFueGFuaC5nYXRld2F5LmRldiIKICAgIGFsbG93Q29yczogdHJ1ZQoKcGF0aHM6CiAgL2hlbGxvOgogICAgZ2V0OgogICAgICBzdW1tYXJ5OiAiU2F5IEhlbGxvIgogICAgICBkZXNjcmlwdGlvbjogIlJldHVybnMgYSBzaW1wbGUgZ3JlZXRpbmcgbWVzc2FnZSIKICAgICAgb3BlcmF0aW9uSWQ6IGhlbGxvCiAgICAgIHgtZ29vZ2xlLWJhY2tlbmQ6CiAgICAgICAgYWRkcmVzczogImh0dHBzOi8vZ29vZ2xlLmNvbSIKICAgICAgcmVzcG9uc2VzOgogICAgICAgICcyMDAnOgogICAgICAgICAgZGVzY3JpcHRpb246ICJBIHN1Y2Nlc3NmdWwgcmVzcG9uc2UiCiAgICAgICAgICBzY2hlbWE6CiAgICAgICAgICAgIHR5cGU6ICJzdHJpbmciCg==",
                    "path": "./modules/api-gateway/openapi/openapi.yaml"
                  }
                ]
              }
            ],
            "project": "banchanxanh",
            "service_config_id": "terraform-20241206091836984900000001-22overmn37dns",
            "terraform_labels": {
              "goog-terraform-provisioned": "true"
            },
            "timeouts": null
          },
          "sensitive_attributes": [],
          "private": "eyJlMmJmYjczMC1lY2FhLTExZTYtOGY4OC0zNDM2M2JjN2M0YzAiOnsiY3JlYXRlIjoxMjAwMDAwMDAwMDAwLCJkZWxldGUiOjEyMDAwMDAwMDAwMDAsInVwZGF0ZSI6MTIwMDAwMDAwMDAwMH19",
          "dependencies": [
            "module.api_gateway.google_api_gateway_api.bcx_api"
          ]
        }
      ]
    },
    {
      "module": "module.api_gateway",
      "mode": "managed",
      "type": "google_api_gateway_gateway",
      "name": "api_gateway",
      "provider": "provider[\"registry.terraform.io/hashicorp/google-beta\"]",
      "instances": [
        {
          "schema_version": 0,
          "attributes": {
            "api_config": "projects/635518263206/locations/global/apis/bcx-api-id/configs/terraform-20241206091836984900000001",
            "default_hostname": "bcx-gateway-83yb5y92.uc.gateway.dev",
            "display_name": "Ban Chan Xanh Gateway",
            "effective_labels": {
              "goog-terraform-provisioned": "true"
            },
            "gateway_id": "bcx-gateway",
            "id": "projects/banchanxanh/locations/us-central1/gateways/bcx-gateway",
            "labels": {},
            "name": "projects/banchanxanh/locations/us-central1/gateways/bcx-gateway",
            "project": "banchanxanh",
            "region": "us-central1",
            "terraform_labels": {
              "goog-terraform-provisioned": "true"
            },
            "timeouts": null
          },
          "sensitive_attributes": [],
          "private": "eyJlMmJmYjczMC1lY2FhLTExZTYtOGY4OC0zNDM2M2JjN2M0YzAiOnsiY3JlYXRlIjoxMjAwMDAwMDAwMDAwLCJkZWxldGUiOjEyMDAwMDAwMDAwMDAsInVwZGF0ZSI6MTIwMDAwMDAwMDAwMH19",
          "dependencies": [
            "module.api_gateway.google_api_gateway_api.bcx_api",
            "module.api_gateway.google_api_gateway_api_config.api_config"
          ]
        }
      ]
    },
    {
      "module": "module.api_gateway",
      "mode": "managed",
      "type": "google_project_service",
      "name": "api_gateway",
      "provider": "provider[\"registry.terraform.io/hashicorp/google\"]",
      "instances": [
        {
          "schema_version": 0,
          "attributes": {
            "disable_dependent_services": null,
            "disable_on_destroy": true,
            "id": "banchanxanh/apigateway.googleapis.com",
            "project": "banchanxanh",
            "service": "apigateway.googleapis.com",
            "timeouts": null
          },
          "sensitive_attributes": [],
          "private": "eyJlMmJmYjczMC1lY2FhLTExZTYtOGY4OC0zNDM2M2JjN2M0YzAiOnsiY3JlYXRlIjoxMjAwMDAwMDAwMDAwLCJkZWxldGUiOjEyMDAwMDAwMDAwMDAsInJlYWQiOjYwMDAwMDAwMDAwMCwidXBkYXRlIjoxMjAwMDAwMDAwMDAwfX0="
        }
      ]
    },
    {
      "module": "module.cloud_sql",
      "mode": "managed",
      "type": "google_project_service",
      "name": "sqladmin",
      "provider": "provider[\"registry.terraform.io/hashicorp/google\"]",
      "instances": [
        {
          "schema_version": 0,
          "attributes": {
            "disable_dependent_services": null,
            "disable_on_destroy": true,
            "id": "banchanxanh/sqladmin.googleapis.com",
            "project": "banchanxanh",
            "service": "sqladmin.googleapis.com",
            "timeouts": null
          },
          "sensitive_attributes": [],
          "private": "eyJlMmJmYjczMC1lY2FhLTExZTYtOGY4OC0zNDM2M2JjN2M0YzAiOnsiY3JlYXRlIjoxMjAwMDAwMDAwMDAwLCJkZWxldGUiOjEyMDAwMDAwMDAwMDAsInJlYWQiOjYwMDAwMDAwMDAwMCwidXBkYXRlIjoxMjAwMDAwMDAwMDAwfX0="
        }
      ]
    },
    {
      "module": "module.cloud_sql",
      "mode": "managed",
      "type": "google_sql_database_instance",
      "name": "cloud_sql_instance",
      "provider": "provider[\"registry.terraform.io/hashicorp/google\"]",
      "instances": [
        {
          "schema_version": 0,
          "attributes": {
            "available_maintenance_versions": [],
            "clone": [],
            "connection_name": "banchanxanh:us-central1:bcx-sql-instance",
            "database_version": "POSTGRES_14",
            "deletion_protection": true,
            "dns_name": "",
            "encryption_key_name": null,
            "first_ip_address": "34.72.42.178",
            "id": "bcx-sql-instance",
            "instance_type": "CLOUD_SQL_INSTANCE",
            "ip_address": [
              {
                "ip_address": "34.72.42.178",
                "time_to_retire": "",
                "type": "PRIMARY"
              },
              {
                "ip_address": "34.44.44.86",
                "time_to_retire": "",
                "type": "OUTGOING"
              }
            ],
            "maintenance_version": "POSTGRES_14_13.R20240910.01_17",
            "master_instance_name": "",
            "name": "bcx-sql-instance",
            "private_ip_address": "",
            "project": "banchanxanh",
            "psc_service_attachment_link": "",
            "public_ip_address": "34.72.42.178",
            "region": "us-central1",
            "replica_configuration": [],
            "replica_names": [],
            "restore_backup_context": [],
            "root_password": null,
            "self_link": "https://sqladmin.googleapis.com/sql/v1beta4/projects/banchanxanh/instances/bcx-sql-instance",
            "server_ca_cert": [
              {
                "cert": "-----BEGIN CERTIFICATE-----\nMIIDfzCCAmegAwIBAgIBADANBgkqhkiG9w0BAQsFADB3MS0wKwYDVQQuEyQ2YjQw\nMzM2Mi01YjkxLTQ2ZTctYmRmNC05ODU2NjA0Mjc4ZDUxIzAhBgNVBAMTGkdvb2ds\nZSBDbG91ZCBTUUwgU2VydmVyIENBMRQwEgYDVQQKEwtHb29nbGUsIEluYzELMAkG\nA1UEBhMCVVMwHhcNMjQxMjA0MTQxMTI3WhcNMzQxMjAyMTQxMjI3WjB3MS0wKwYD\nVQQuEyQ2YjQwMzM2Mi01YjkxLTQ2ZTctYmRmNC05ODU2NjA0Mjc4ZDUxIzAhBgNV\nBAMTGkdvb2dsZSBDbG91ZCBTUUwgU2VydmVyIENBMRQwEgYDVQQKEwtHb29nbGUs\nIEluYzELMAkGA1UEBhMCVVMwggEiMA0GCSqGSIb3DQEBAQUAA4IBDwAwggEKAoIB\nAQDoEXL7pgsxsMicWlS9QmWRv/xFB/m/p8BIYL4d8mTn1jZCMhI791W8kNTuS5NR\nSe1OmD3VHYx/sGEE1sHUGDmuKgVufk+lwx5x0jlH/PuH6zGjEGFDnrY+SYCXv8qR\nq0t6ouOKXu6yT1LdQHr6C2H3cS6f9png2xRHWEqwqq32rIQMJs/L0FP0LiOYOD6A\nTql5wnBmeFogtkNFGtXulF6P3NbgHhv0J3l963m/jMFzFZmf82Pudk1vshAmCSHM\nusNMvSmAAiZn0bB4GkBcJqedryWpP3YceL+iJ6Ll8OM9V8U0BqiIbM/U65adfuYo\nJZW888N5+v42ppRs7U0ilXtBAgMBAAGjFjAUMBIGA1UdEwEB/wQIMAYBAf8CAQAw\nDQYJKoZIhvcNAQELBQADggEBADmnJ+ojSzdO+N5D2lAf4SKPeoMduDw0XIXDELMg\nBxktB5JuXe8A5AEpJ3EVVB8ZOptrp+HNZ9D9IQqT4Qm0+sK/1orZn/1Ge4dXAttl\nYwVuQA8NOjqb4R1RRU/y/t3ANadAR1FC9/bsYUm2cBn0cYCciOCwgTLuAh6lRIJ+\nZvrYp/ymnYFE9gFTaa8x8/KTngMtGLRi653T8/aP//hqH+XiHIIphtNYkbp8843r\nCX8/nm2zVFxJ9eokt98ZFAnrnI1F1LTH2TfYQRHGWp4hqMdZIOQkamPzbAm8BFPn\nzrrwpY/ivmRla6GoJoTaFbrl9DFIjOWhzKiqyXokcPhNRDk=\n-----END CERTIFICATE-----",
                "common_name": "C=US,O=Google\\, Inc,CN=Google Cloud SQL Server CA,dnQualifier=6b403362-5b91-46e7-bdf4-9856604278d5",
                "create_time": "2024-12-04T14:11:27.319Z",
                "expiration_time": "2034-12-02T14:12:27.319Z",
                "sha1_fingerprint": "c9631ddbe2c8204c3b8b5884bc09e70b784f5150"
              }
            ],
            "service_account_email_address": "p635518263206-2op24u@gcp-sa-cloud-sql.iam.gserviceaccount.com",
            "settings": [
              {
                "activation_policy": "ALWAYS",
                "active_directory_config": [],
                "advanced_machine_features": [],
                "availability_type": "ZONAL",
                "backup_configuration": [
                  {
                    "backup_retention_settings": [
                      {
                        "retained_backups": 7,
                        "retention_unit": "COUNT"
                      }
                    ],
                    "binary_log_enabled": false,
                    "enabled": false,
                    "location": "",
                    "point_in_time_recovery_enabled": false,
                    "start_time": "00:00",
                    "transaction_log_retention_days": 7
                  }
                ],
                "collation": "",
                "connector_enforcement": "NOT_REQUIRED",
                "data_cache_config": [],
                "database_flags": [],
                "deletion_protection_enabled": false,
                "deny_maintenance_period": [],
                "disk_autoresize": true,
                "disk_autoresize_limit": 0,
                "disk_size": 10,
                "disk_type": "PD_SSD",
                "edition": "ENTERPRISE",
                "enable_dataplex_integration": false,
                "enable_google_ml_integration": false,
                "insights_config": [],
                "ip_configuration": [
                  {
                    "allocated_ip_range": "",
                    "authorized_networks": [],
                    "enable_private_path_for_google_cloud_services": false,
                    "ipv4_enabled": false,
                    "private_network": "projects/banchanxanh/global/networks/bcx-kubernetes-vpc",
                    "psc_config": [],
                    "server_ca_mode": "GOOGLE_MANAGED_INTERNAL_CA",
                    "ssl_mode": "ALLOW_UNENCRYPTED_AND_ENCRYPTED"
                  }
                ],
                "location_preference": [
                  {
                    "follow_gae_application": "",
                    "secondary_zone": "",
                    "zone": "us-central1-c"
                  }
                ],
                "maintenance_window": [],
                "password_validation_policy": [],
                "pricing_plan": "PER_USE",
                "sql_server_audit_config": [],
                "tier": "db-f1-micro",
                "time_zone": "",
                "user_labels": {},
                "version": 2
              }
            ],
            "timeouts": null
          },
          "sensitive_attributes": [
            [
              {
                "type": "get_attr",
                "value": "root_password"
              }
            ],
            [
              {
                "type": "get_attr",
                "value": "server_ca_cert"
              }
            ]
          ],
          "private": "eyJlMmJmYjczMC1lY2FhLTExZTYtOGY4OC0zNDM2M2JjN2M0YzAiOnsiY3JlYXRlIjo1NDAwMDAwMDAwMDAwLCJkZWxldGUiOjU0MDAwMDAwMDAwMDAsInVwZGF0ZSI6NTQwMDAwMDAwMDAwMH19",
          "dependencies": [
            "module.vpc.google_compute_network.vpc_network"
          ]
        }
      ]
    },
    {
      "module": "module.identity_platform",
      "mode": "managed",
      "type": "google_project_service",
      "name": "identity_platform",
      "provider": "provider[\"registry.terraform.io/hashicorp/google\"]",
      "instances": [
        {
          "schema_version": 0,
          "attributes": {
            "disable_dependent_services": null,
            "disable_on_destroy": true,
            "id": "banchanxanh/identitytoolkit.googleapis.com",
            "project": "banchanxanh",
            "service": "identitytoolkit.googleapis.com",
            "timeouts": null
          },
          "sensitive_attributes": [],
          "private": "eyJlMmJmYjczMC1lY2FhLTExZTYtOGY4OC0zNDM2M2JjN2M0YzAiOnsiY3JlYXRlIjoxMjAwMDAwMDAwMDAwLCJkZWxldGUiOjEyMDAwMDAwMDAwMDAsInJlYWQiOjYwMDAwMDAwMDAwMCwidXBkYXRlIjoxMjAwMDAwMDAwMDAwfX0="
        }
      ]
    },
    {
      "module": "module.kubernetes",
      "mode": "data",
      "type": "google_client_config",
      "name": "current",
      "provider": "provider[\"registry.terraform.io/hashicorp/google\"]",
      "instances": [
        {
          "schema_version": 0,
          "attributes": {
            "access_token": "ya29.c.c0ASRK0GaoPGQX48Afi9J5n0n14Dqws-xQpgYGLD7063Koi3Fu8SV37sSbTNVRoETOVZ9EGn-SX1evFUc3k5664OZ1ypkAkOcEXJ89t8Sp4NDRCLld1QIZ28uSppHeYc33L0doX8ILMsdFaFXh5SVMc1mHUIDpRz5dnlfDOnAMxmpCh2AB3TaA80NqlDsAHb1gkHRP7FUW2n_PVg6WSBir1CMsbqFwIxbEZ-AD6WTGEkjqiTuO3pkBLDavLU1e1m1cbm4RnrD-pmp-O8QhMtLrHwz9EQtfVVQnLkhU6jda7tEhFY2-Yidg5OSg7B5IKnERUcmNNInNmWaITIQ2W1mw6-ze9pHhMzeC2Q8bmK1sJOtD7-ENsS7R1rhzYAN387DMV0XYxV4FUy-e-VIZ5j_BQtI163zl72210B2Xftq8XoQVXUbrauJBQdFej8UWb9V-zvuR-n8cvVwUwmkp1ZXBjS6ZIdulrWXyJh6Wt45XlUteoy5Omgegv17t651wk_c_FJYgqpI5V-RujIaQcvx02FgjXIoreO9OiOdWJFlxhZQ6ZRvls9sszgis4uJVgw9aWc04uxWrzBnl-IvBl-hu57rZ9Sl45Vfq0odvet0rk15h81S6i_FtO0qnYncUW2ibpduigW3U4nslROISa1r2r7bpxM1p_bpnmxjijWjrB4W2uwn4la0l6xfIzrvi9pMbX5VtFp2oOM0RVcpRnQlOhYgfMm6qbrz57RYMbzoQaq-sr2aoS4zj17w_ekzJebmX-haxQjxaMqgR9xtmbXdYy6ubIBQ84SkvueqqixXMd1h_gQOR-OipuUbxc3WUtFeykOklmWX5YjXMhRY4kXeVO2SZybz6JZt6bkVQhoZmjQzaMu8-upIQFlnq9iVbU_4vsR9OO8MMF45sRYml1V5VJFI91ym1mc5RFO1Y11JMh2dM_Qa_6fpvFzwxxVqOemjiJOwM4u7vg4mdWOB4vud3fOIrokce6arJey_232njpwfRs3is-JJkf5x",
            "default_labels": null,
            "id": "projects/\"banchanxanh\"/regions/\"us-central1\"/zones/\u003cnull\u003e",
            "project": "banchanxanh",
            "region": "us-central1",
            "zone": null
          },
          "sensitive_attributes": [
            [
              {
                "type": "get_attr",
                "value": "access_token"
              }
            ]
          ]
        }
      ]
    },
    {
      "module": "module.kubernetes",
      "mode": "data",
      "type": "local_file",
      "name": "yaml_files",
      "provider": "provider[\"registry.terraform.io/hashicorp/local\"]",
      "instances": [
        {
          "index_key": "keycloak/deployment.yaml",
          "schema_version": 0,
          "attributes": {
            "content": "\napiVersion: apps/v1\nkind: Deployment\nmetadata:\n  name: keycloak\n  namespace: keycloak\nspec:\n  replicas: 1\n  selector:\n    matchLabels:\n      app: keycloak\n  template:\n    metadata:\n      labels:\n        app: keycloak\n    spec:\n      containers:\n        - name: keycloak\n          image: quay.io/keycloak/keycloak:latest\n          args: [\"start-dev\"]\n          env:\n            - name: KEYCLOAK_ADMIN\n              value: admin\n            - name: KEYCLOAK_ADMIN_PASSWORD\n              value: admin\n            - name: KC_HOSTNAME_STRICT\n              value: \"false\"\n          ports:\n            - containerPort: 8080\n          readinessProbe:\n            httpGet:\n              path: /auth\n              port: 8080\n          livenessProbe:\n            httpGet:\n              path: /auth\n              port: 8080",
            "content_base64": "CmFwaVZlcnNpb246IGFwcHMvdjEKa2luZDogRGVwbG95bWVudAptZXRhZGF0YToKICBuYW1lOiBrZXljbG9hawogIG5hbWVzcGFjZToga2V5Y2xvYWsKc3BlYzoKICByZXBsaWNhczogMQogIHNlbGVjdG9yOgogICAgbWF0Y2hMYWJlbHM6CiAgICAgIGFwcDoga2V5Y2xvYWsKICB0ZW1wbGF0ZToKICAgIG1ldGFkYXRhOgogICAgICBsYWJlbHM6CiAgICAgICAgYXBwOiBrZXljbG9hawogICAgc3BlYzoKICAgICAgY29udGFpbmVyczoKICAgICAgICAtIG5hbWU6IGtleWNsb2FrCiAgICAgICAgICBpbWFnZTogcXVheS5pby9rZXljbG9hay9rZXljbG9hazpsYXRlc3QKICAgICAgICAgIGFyZ3M6IFsic3RhcnQtZGV2Il0KICAgICAgICAgIGVudjoKICAgICAgICAgICAgLSBuYW1lOiBLRVlDTE9BS19BRE1JTgogICAgICAgICAgICAgIHZhbHVlOiBhZG1pbgogICAgICAgICAgICAtIG5hbWU6IEtFWUNMT0FLX0FETUlOX1BBU1NXT1JECiAgICAgICAgICAgICAgdmFsdWU6IGFkbWluCiAgICAgICAgICAgIC0gbmFtZTogS0NfSE9TVE5BTUVfU1RSSUNUCiAgICAgICAgICAgICAgdmFsdWU6ICJmYWxzZSIKICAgICAgICAgIHBvcnRzOgogICAgICAgICAgICAtIGNvbnRhaW5lclBvcnQ6IDgwODAKICAgICAgICAgIHJlYWRpbmVzc1Byb2JlOgogICAgICAgICAgICBodHRwR2V0OgogICAgICAgICAgICAgIHBhdGg6IC9hdXRoCiAgICAgICAgICAgICAgcG9ydDogODA4MAogICAgICAgICAgbGl2ZW5lc3NQcm9iZToKICAgICAgICAgICAgaHR0cEdldDoKICAgICAgICAgICAgICBwYXRoOiAvYXV0aAogICAgICAgICAgICAgIHBvcnQ6IDgwODA=",
            "content_base64sha256": "OIqCOvyGVD+q8o1ps3xm0TTWi6yCRmILUL2tSZXtAuM=",
            "content_base64sha512": "rsev/eb7fzx05yyXT9GVmGnUPvCxV5eRjplr4XZg8mV9FVWC3unRJ4l5bUKnJw5XQYlgXlqZ9wvpTpfGW2ZA2w==",
            "content_md5": "164ae587999ce1dafb3cf6248aa159eb",
            "content_sha1": "2eb7b94a048a150a0c45444ab07da6188bbd524b",
            "content_sha256": "388a823afc86543faaf28d69b37c66d134d68bac8246620b50bdad4995ed02e3",
            "content_sha512": "aec7affde6fb7f3c74e72c974fd1959869d43ef0b15797918e996be17660f2657d155582dee9d12789796d42a7270e574189605e5a99f70be94e97c65b6640db",
            "filename": "modules/kubernetes/config/keycloak/deployment.yaml",
            "id": "2eb7b94a048a150a0c45444ab07da6188bbd524b"
          },
          "sensitive_attributes": []
        },
        {
          "index_key": "keycloak/load_balancer.yaml",
          "schema_version": 0,
          "attributes": {
            "content": "apiVersion: v1\nkind: Service\nmetadata:\n  name: keycloak-lb\n  namespace: keycloak\n  annotations:\n    cloud.google.com/load-balancer-type: \"Internal\"  # Private load balancer\nspec:\n  type: LoadBalancer\n  ports:\n    - port: 8080\n      targetPort: 8080\n  selector:\n    app: keycloak\n",
            "content_base64": "YXBpVmVyc2lvbjogdjEKa2luZDogU2VydmljZQptZXRhZGF0YToKICBuYW1lOiBrZXljbG9hay1sYgogIG5hbWVzcGFjZToga2V5Y2xvYWsKICBhbm5vdGF0aW9uczoKICAgIGNsb3VkLmdvb2dsZS5jb20vbG9hZC1iYWxhbmNlci10eXBlOiAiSW50ZXJuYWwiICAjIFByaXZhdGUgbG9hZCBiYWxhbmNlcgpzcGVjOgogIHR5cGU6IExvYWRCYWxhbmNlcgogIHBvcnRzOgogICAgLSBwb3J0OiA4MDgwCiAgICAgIHRhcmdldFBvcnQ6IDgwODAKICBzZWxlY3RvcjoKICAgIGFwcDoga2V5Y2xvYWsK",
            "content_base64sha256": "pa0EbN+T/gVQLGH0e5s8fBxvrpezQULIOYPsKk8xd4E=",
            "content_base64sha512": "DRtqsVkuifkcDM3HtIFmF0aewBhb5ntc1AxH3PmgEZc7jqFeLD+23uzRChbQfWeVAI593rLEXQdUhpK8jKAgvw==",
            "content_md5": "ae4c6e30c15eacaff20c69a4ab98cd4d",
            "content_sha1": "c77a176805bacfcffc90ce16805b623e185cdde4",
            "content_sha256": "a5ad046cdf93fe05502c61f47b9b3c7c1c6fae97b34142c83983ec2a4f317781",
            "content_sha512": "0d1b6ab1592e89f91c0ccdc7b4816617469ec0185be67b5cd40c47dcf9a011973b8ea15e2c3fb6deecd10a16d07d6795008e7ddeb2c45d07548692bc8ca020bf",
            "filename": "modules/kubernetes/config/keycloak/load_balancer.yaml",
            "id": "c77a176805bacfcffc90ce16805b623e185cdde4"
          },
          "sensitive_attributes": []
        },
        {
          "index_key": "keycloak/namespace.yaml",
          "schema_version": 0,
          "attributes": {
            "content": "apiVersion: v1\nkind: Namespace\nmetadata:\n  name: keycloak",
            "content_base64": "YXBpVmVyc2lvbjogdjEKa2luZDogTmFtZXNwYWNlCm1ldGFkYXRhOgogIG5hbWU6IGtleWNsb2Fr",
            "content_base64sha256": "h0+gn6C4z6kjK38DJ+X4PBRnStJV5/P3RzQpuzFwaYs=",
            "content_base64sha512": "SqXaCAcD+lQkiOIu1L1lZlDz3C64M+WvjUf0UoowkoU/kIwqLoVQz7F117SH2E/+3YeWGLMm9ck5ypi696A2/g==",
            "content_md5": "581dc97aa1d70076e86510b6c523af4b",
            "content_sha1": "e95fa2ac4efc3e6f9ed2076bf12f171c84c1dee5",
            "content_sha256": "874fa09fa0b8cfa9232b7f0327e5f83c14674ad255e7f3f7473429bb3170698b",
            "content_sha512": "4aa5da080703fa542488e22ed4bd656650f3dc2eb833e5af8d47f4528a3092853f908c2a2e8550cfb175d7b487d84ffedd879618b326f5c939ca98baf7a036fe",
            "filename": "modules/kubernetes/config/keycloak/namespace.yaml",
            "id": "e95fa2ac4efc3e6f9ed2076bf12f171c84c1dee5"
          },
          "sensitive_attributes": []
        },
        {
          "index_key": "keycloak/service.yaml",
          "schema_version": 0,
          "attributes": {
            "content": "apiVersion: v1\nkind: Service\nmetadata:\n  name: keycloak\n  namespace: keycloak\n  labels:\n    app: keycloak\nspec:\n  type: ClusterIP  # Internal-only service\n  ports:\n    - port: 8080\n      targetPort: 8080\n  selector:\n    app: keycloak",
            "content_base64": "YXBpVmVyc2lvbjogdjEKa2luZDogU2VydmljZQptZXRhZGF0YToKICBuYW1lOiBrZXljbG9hawogIG5hbWVzcGFjZToga2V5Y2xvYWsKICBsYWJlbHM6CiAgICBhcHA6IGtleWNsb2FrCnNwZWM6CiAgdHlwZTogQ2x1c3RlcklQICAjIEludGVybmFsLW9ubHkgc2VydmljZQogIHBvcnRzOgogICAgLSBwb3J0OiA4MDgwCiAgICAgIHRhcmdldFBvcnQ6IDgwODAKICBzZWxlY3RvcjoKICAgIGFwcDoga2V5Y2xvYWs=",
            "content_base64sha256": "EXAdsLEKGIswXOsYEPteVJHBnCOkVfAiBXnVNUQQrSs=",
            "content_base64sha512": "GZSa7SXkxEhSe+bnDZxHMIm4rQa7OQVQkBtipfYu1XJZAzcLnbXOURHlaMLSWBiaRubdXYIENB7p/nYt3P6B6A==",
            "content_md5": "fe41163483db5c16d363db01468d408b",
            "content_sha1": "b4bbd8649602e16bc4bd2cfeeee5ba4757feaeeb",
            "content_sha256": "11701db0b10a188b305ceb1810fb5e5491c19c23a455f0220579d5354410ad2b",
            "content_sha512": "19949aed25e4c448527be6e70d9c473089b8ad06bb390550901b62a5f62ed5725903370b9db5ce5111e568c2d258189a46e6dd5d8204341ee9fe762ddcfe81e8",
            "filename": "modules/kubernetes/config/keycloak/service.yaml",
            "id": "b4bbd8649602e16bc4bd2cfeeee5ba4757feaeeb"
          },
          "sensitive_attributes": []
        }
      ]
    },
    {
      "module": "module.kubernetes",
      "mode": "managed",
      "type": "google_compute_subnetwork",
      "name": "kubernetes_subnet",
      "provider": "provider[\"registry.terraform.io/hashicorp/google\"]",
      "instances": [
        {
          "schema_version": 0,
          "attributes": {
            "creation_timestamp": "2024-12-05T23:29:58.738-08:00",
            "description": "",
            "external_ipv6_prefix": "",
            "fingerprint": null,
            "gateway_address": "10.0.0.1",
            "id": "projects/banchanxanh/regions/us-central1/subnetworks/kubernetes-subnet",
            "internal_ipv6_prefix": "",
            "ip_cidr_range": "10.0.0.0/16",
            "ipv6_access_type": "",
            "ipv6_cidr_range": "",
            "log_config": [],
            "name": "kubernetes-subnet",
            "network": "https://www.googleapis.com/compute/v1/projects/banchanxanh/global/networks/bcx-kubernetes-vpc",
            "private_ip_google_access": true,
            "private_ipv6_google_access": "DISABLE_GOOGLE_ACCESS",
            "project": "banchanxanh",
            "purpose": "PRIVATE",
            "region": "us-central1",
            "reserved_internal_range": "",
            "role": "",
            "secondary_ip_range": [
              {
                "ip_cidr_range": "10.1.0.0/20",
                "range_name": "pods",
                "reserved_internal_range": ""
              },
              {
                "ip_cidr_range": "10.2.0.0/24",
                "range_name": "services",
                "reserved_internal_range": ""
              }
            ],
            "self_link": "https://www.googleapis.com/compute/v1/projects/banchanxanh/regions/us-central1/subnetworks/kubernetes-subnet",
            "send_secondary_ip_range_if_empty": null,
            "stack_type": "IPV4_ONLY",
            "timeouts": null
          },
          "sensitive_attributes": [],
          "private": "eyJlMmJmYjczMC1lY2FhLTExZTYtOGY4OC0zNDM2M2JjN2M0YzAiOnsiY3JlYXRlIjoxMjAwMDAwMDAwMDAwLCJkZWxldGUiOjEyMDAwMDAwMDAwMDAsInVwZGF0ZSI6MTIwMDAwMDAwMDAwMH19",
          "dependencies": [
            "module.vpc.google_compute_network.vpc_network"
          ]
        }
      ]
    },
    {
      "module": "module.kubernetes",
      "mode": "managed",
      "type": "google_container_cluster",
      "name": "gke_cluster",
      "provider": "provider[\"registry.terraform.io/hashicorp/google\"]",
      "instances": [
        {
          "schema_version": 2,
          "attributes": {
            "addons_config": [
              {
                "cloudrun_config": [],
                "config_connector_config": [],
                "dns_cache_config": [],
                "gce_persistent_disk_csi_driver_config": [
                  {
                    "enabled": true
                  }
                ],
                "gcp_filestore_csi_driver_config": [],
                "gcs_fuse_csi_driver_config": [],
                "gke_backup_agent_config": [],
                "horizontal_pod_autoscaling": [],
                "http_load_balancing": [],
                "network_policy_config": [
                  {
                    "disabled": false
                  }
                ],
                "parallelstore_csi_driver_config": [],
                "ray_operator_config": [],
                "stateful_ha_config": []
              }
            ],
            "allow_net_admin": null,
            "authenticator_groups_config": [],
            "binary_authorization": [
              {
                "enabled": false,
                "evaluation_mode": ""
              }
            ],
            "cluster_autoscaling": [
              {
                "auto_provisioning_defaults": [],
                "auto_provisioning_locations": [],
                "autoscaling_profile": "BALANCED",
                "enabled": false,
                "resource_limits": []
              }
            ],
            "cluster_ipv4_cidr": "10.1.0.0/20",
            "confidential_nodes": [],
            "control_plane_endpoints_config": [
              {
                "dns_endpoint_config": [
                  {
                    "allow_external_traffic": false,
                    "endpoint": "gke-f98dd64c4dde4baea7a7f10d34ca7ff1be85-635518263206.us-central1.gke.goog"
                  }
                ]
              }
            ],
            "cost_management_config": [],
            "database_encryption": [
              {
                "key_name": "",
                "state": "DECRYPTED"
              }
            ],
            "datapath_provider": "",
            "default_max_pods_per_node": 110,
            "default_snat_status": [
              {
                "disabled": false
              }
            ],
            "deletion_protection": true,
            "description": "",
            "dns_config": [],
            "effective_labels": {
              "goog-terraform-provisioned": "true"
            },
            "enable_autopilot": false,
            "enable_cilium_clusterwide_network_policy": false,
            "enable_intranode_visibility": false,
            "enable_k8s_beta_apis": [],
            "enable_kubernetes_alpha": false,
            "enable_l4_ilb_subsetting": false,
            "enable_legacy_abac": false,
            "enable_multi_networking": false,
            "enable_shielded_nodes": true,
            "enable_tpu": false,
            "endpoint": "172.16.0.2",
            "fleet": [],
            "gateway_api_config": [],
            "id": "projects/banchanxanh/locations/us-central1/clusters/bcx-cluster",
            "identity_service_config": [],
            "initial_node_count": 1,
            "ip_allocation_policy": [
              {
                "additional_pod_ranges_config": [],
                "cluster_ipv4_cidr_block": "10.1.0.0/20",
                "cluster_secondary_range_name": "pods",
                "pod_cidr_overprovision_config": [
                  {
                    "disabled": false
                  }
                ],
                "services_ipv4_cidr_block": "10.2.0.0/24",
                "services_secondary_range_name": "services",
                "stack_type": "IPV4"
              }
            ],
            "label_fingerprint": "78cdf2f6",
            "location": "us-central1",
            "logging_config": [
              {
                "enable_components": [
                  "SYSTEM_COMPONENTS",
                  "WORKLOADS"
                ]
              }
            ],
            "logging_service": "logging.googleapis.com/kubernetes",
            "maintenance_policy": [],
            "master_auth": [
              {
                "client_certificate": "",
                "client_certificate_config": [
                  {
                    "issue_client_certificate": false
                  }
                ],
                "client_key": "",
                "cluster_ca_certificate": "LS0tLS1CRUdJTiBDRVJUSUZJQ0FURS0tLS0tCk1JSUVMVENDQXBXZ0F3SUJBZ0lSQU5oSks4L0YyZ3ZOTXh1VnVwTDFjaW93RFFZSktvWklodmNOQVFFTEJRQXcKTHpFdE1Dc0dBMVVFQXhNa05UWTBNbUZqTmpjdFpqY3pPUzAwTW1VMkxXRm1aREl0WmpGaU0yRTVaVGN6WWpSagpNQ0FYRFRJME1USXdOakE0TkRFMU9Wb1lEekl3TlRReE1USTVNRGswTVRVNVdqQXZNUzB3S3dZRFZRUURFeVExCk5qUXlZV00yTnkxbU56TTVMVFF5WlRZdFlXWmtNaTFtTVdJellUbGxOek5pTkdNd2dnR2lNQTBHQ1NxR1NJYjMKRFFFQkFRVUFBNElCandBd2dnR0tBb0lCZ1FEbFkwaGlWazVwM1Q4dStlQXAyaG1wV250dHFMbUtRMjJqMWNGOQpDUXRsRHNQZGpoT0tHUGhiamptdGE1UnJiQ1JRb01jQW5WeDlGNVZiNFMwMGNGaXJacjNmOGhVYkVWUXhJYVlpCmtJYzhQbnl5c01SNFlDZDdLbE1ScXNCdEJBTjRMVm1oSUlLYW5JMjAyMWZlMWtyMko1OUFwTlcrNE1EMWI4bHAKWU5VUXJPK0lYUEJ1L3hYamRPY2FtN1dSN0EybWJwRXMvcFc4dm5BeWYvMkVFdEhBTEhoRktBWUw0N1NBMEVFUAo1VFBoQnpCNjdlN0ZYU0Zva0tHb0VOYkFPZ0psVzdDalB0c053KzVZS3d6YVRBQ0tIWXNUQlQ4eWpsM3pLd2NBCnh6Ti9idU81NHpmWnZIc1ZFYkR0VEhjVGtsdGZVU2JXTGxqa3VkMzJDRDUzcWdBZmIzdnBsNCtRSWpOeTArc0wKNzMxYmc2OGpWQjMzRENHT2l6K0xhWXUwaXM0b3Q4dTVyVmdsdjVxOEVRRDV3SmdFTTIvelpNNmRvendmMTJBZwpJWWIxc3F3RkRVKzFqSzhLM2p6Rm8yUGQ1U0xKcEZ1aXFhUXVTN3FYSmd0eUVTNWloTTlLNDBGZXVxcHhoQm82CmdYOWl4TkN2UVdNOVNhWG5yTFl3ZmdMTjB2RUNBd0VBQWFOQ01FQXdEZ1lEVlIwUEFRSC9CQVFEQWdJRU1BOEcKQTFVZEV3RUIvd1FGTUFNQkFmOHdIUVlEVlIwT0JCWUVGQURhMTVFaSs4LzFQUFlWMS9uYnFaNi9mYVdmTUEwRwpDU3FHU0liM0RRRUJDd1VBQTRJQmdRQXZCdGVvS3NyQWlVVUp3Z3YvZ2Z6UFRLRzgyaDF2clRyWE1XWGdjYTliCnpTVnUxQjdaVVVpenJ3Nm1lb2F3dHBDajQvNElyenc5ODlHV1FYMFZSdkpwcnJqb2pmcG9nT3ovMzZjRUJ3c3EKZzlldHNPejJrYW1veEFWeEY3RDBJRVBBSkg4WDRqOW14U3ZBbldlUzh3Rm1ZWEROVUk2SGRreUZYN2lGQmtQYQpFaHdKMkFSQkVTRXZUUVpQZ0w5bnZpdDlhYUF5NDZHT3ArNDhNY3N4VEczb3UyUGlxNlk2QzJXVS9wSm56L0tzCjFYbytYMW9Ta2xURWRCWFBkSkpRMFluWW5lQWhTT3hBUmFKRHBQbS9Rc0wrVVVoVFpxMjNpRExiTnRCUVBQcHMKMVEzWTZlTFFyUW5DTEtuRXYzUll2STVxNDFUS1pkWVpiRCs4QWk3UjVsaGpFcWhKbS95M0VKQzI0Uks2OUtScApoN1JicVYvNzFINnp0aFhCM0dXemxuT05NK1ZzeTA1U2JzamxiY29iNTFsRHVkSVpuakJnTEpJZjljQmpuL2dpCjRpYis4SlFDTU0wbW5tVHFTRkNlbklaR1k2Y29xSUU5MzRISG1VQXl4N3VqOXB4R2hjc2dkNEVHZDRSM3ZsN3MKSUVucTZnZ0l5NXlaUjJ5RGhCbmxyTkk9Ci0tLS0tRU5EIENFUlRJRklDQVRFLS0tLS0K"
              }
            ],
            "master_authorized_networks_config": [
              {
                "cidr_blocks": [
                  {
                    "cidr_block": "203.0.113.0/24",
                    "display_name": "Office Network"
                  }
                ],
                "gcp_public_cidrs_access_enabled": false,
                "private_endpoint_enforcement_enabled": true
              }
            ],
            "master_version": "1.30.5-gke.1443001",
            "mesh_certificates": [],
            "min_master_version": null,
            "monitoring_config": [
              {
                "advanced_datapath_observability_config": [
                  {
                    "enable_metrics": false,
                    "enable_relay": false
                  }
                ],
                "enable_components": [
                  "SYSTEM_COMPONENTS",
                  "STATEFULSET",
                  "STORAGE",
                  "HPA",
                  "POD",
                  "DAEMONSET",
                  "DEPLOYMENT",
                  "CADVISOR",
                  "KUBELET"
                ],
                "managed_prometheus": [
                  {
                    "enabled": true
                  }
                ]
              }
            ],
            "monitoring_service": "monitoring.googleapis.com/kubernetes",
            "name": "bcx-cluster",
            "network": "projects/banchanxanh/global/networks/bcx-kubernetes-vpc",
            "network_policy": [
              {
                "enabled": false,
                "provider": "PROVIDER_UNSPECIFIED"
              }
            ],
            "networking_mode": "VPC_NATIVE",
            "node_config": [],
            "node_locations": [
              "us-central1-b",
              "us-central1-c",
              "us-central1-f"
            ],
            "node_pool": [],
            "node_pool_auto_config": [],
            "node_pool_defaults": [
              {
                "node_config_defaults": [
                  {
                    "containerd_config": [],
                    "gcfs_config": [],
                    "insecure_kubelet_readonly_port_enabled": "FALSE",
                    "logging_variant": "DEFAULT"
                  }
                ]
              }
            ],
            "node_version": "1.30.5-gke.1443001",
            "notification_config": [
              {
                "pubsub": [
                  {
                    "enabled": false,
                    "filter": [],
                    "topic": ""
                  }
                ]
              }
            ],
            "operation": null,
            "private_cluster_config": [
              {
                "enable_private_endpoint": true,
                "enable_private_nodes": true,
                "master_global_access_config": [
                  {
                    "enabled": false
                  }
                ],
                "master_ipv4_cidr_block": "172.16.0.0/28",
                "peering_name": "",
                "private_endpoint": "172.16.0.2",
                "private_endpoint_subnetwork": "projects/banchanxanh/regions/us-central1/subnetworks/gke-bcx-cluster-73635b3b-pe-subnet",
                "public_endpoint": ""
              }
            ],
            "private_ipv6_google_access": "",
            "project": "banchanxanh",
            "release_channel": [
              {
                "channel": "REGULAR"
              }
            ],
            "remove_default_node_pool": false,
            "resource_labels": {},
            "resource_usage_export_config": [],
            "secret_manager_config": [
              {
                "enabled": false
              }
            ],
            "security_posture_config": [
              {
                "mode": "BASIC",
                "vulnerability_mode": "VULNERABILITY_MODE_UNSPECIFIED"
              }
            ],
            "self_link": "https://container.googleapis.com/v1/projects/banchanxanh/locations/us-central1/clusters/bcx-cluster",
            "service_external_ips_config": [
              {
                "enabled": false
              }
            ],
            "services_ipv4_cidr": "10.2.0.0/24",
            "subnetwork": "projects/banchanxanh/regions/us-central1/subnetworks/kubernetes-subnet",
            "terraform_labels": {
              "goog-terraform-provisioned": "true"
            },
            "timeouts": null,
            "tpu_ipv4_cidr_block": "",
            "user_managed_keys_config": [],
            "vertical_pod_autoscaling": [],
            "workload_identity_config": []
          },
          "sensitive_attributes": [
            [
              {
                "type": "get_attr",
                "value": "master_auth"
              },
              {
                "type": "index",
                "value": {
                  "value": 0,
                  "type": "number"
                }
              },
              {
                "type": "get_attr",
                "value": "client_key"
              }
            ]
          ],
          "private": "eyJlMmJmYjczMC1lY2FhLTExZTYtOGY4OC0zNDM2M2JjN2M0YzAiOnsiY3JlYXRlIjoyNDAwMDAwMDAwMDAwLCJkZWxldGUiOjI0MDAwMDAwMDAwMDAsInJlYWQiOjI0MDAwMDAwMDAwMDAsInVwZGF0ZSI6MzYwMDAwMDAwMDAwMH0sInNjaGVtYV92ZXJzaW9uIjoiMiJ9",
          "dependencies": [
            "module.kubernetes.google_compute_subnetwork.kubernetes_subnet",
            "module.vpc.google_compute_network.vpc_network"
          ]
        }
      ]
    },
    {
      "module": "module.kubernetes",
      "mode": "managed",
      "type": "google_project_service",
      "name": "gke",
      "provider": "provider[\"registry.terraform.io/hashicorp/google\"]",
      "instances": [
        {
          "schema_version": 0,
          "attributes": {
            "disable_dependent_services": null,
            "disable_on_destroy": true,
            "id": "banchanxanh/container.googleapis.com",
            "project": "banchanxanh",
            "service": "container.googleapis.com",
            "timeouts": null
          },
          "sensitive_attributes": [],
          "private": "eyJlMmJmYjczMC1lY2FhLTExZTYtOGY4OC0zNDM2M2JjN2M0YzAiOnsiY3JlYXRlIjoxMjAwMDAwMDAwMDAwLCJkZWxldGUiOjEyMDAwMDAwMDAwMDAsInJlYWQiOjYwMDAwMDAwMDAwMCwidXBkYXRlIjoxMjAwMDAwMDAwMDAwfX0="
        }
      ]
    },
    {
      "module": "module.vpc",
      "mode": "managed",
      "type": "google_compute_network",
      "name": "vpc_network",
      "provider": "provider[\"registry.terraform.io/hashicorp/google\"]",
      "instances": [
        {
          "schema_version": 0,
          "attributes": {
            "auto_create_subnetworks": false,
            "delete_default_routes_on_create": false,
            "description": "",
            "enable_ula_internal_ipv6": false,
            "gateway_ipv4": "",
            "id": "projects/banchanxanh/global/networks/bcx-kubernetes-vpc",
            "internal_ipv6_range": "",
            "mtu": 0,
            "name": "bcx-kubernetes-vpc",
            "network_firewall_policy_enforcement_order": "AFTER_CLASSIC_FIREWALL",
            "numeric_id": "2259593198173100338",
            "project": "banchanxanh",
            "routing_mode": "REGIONAL",
            "self_link": "https://www.googleapis.com/compute/v1/projects/banchanxanh/global/networks/bcx-kubernetes-vpc",
            "timeouts": null
          },
          "sensitive_attributes": [],
          "private": "eyJlMmJmYjczMC1lY2FhLTExZTYtOGY4OC0zNDM2M2JjN2M0YzAiOnsiY3JlYXRlIjoxMjAwMDAwMDAwMDAwLCJkZWxldGUiOjEyMDAwMDAwMDAwMDAsInVwZGF0ZSI6MTIwMDAwMDAwMDAwMH19"
        }
      ]
    },
    {
      "module": "module.vpc",
      "mode": "managed",
      "type": "google_compute_router",
      "name": "router",
      "provider": "provider[\"registry.terraform.io/hashicorp/google\"]",
      "instances": [
        {
          "schema_version": 0,
          "attributes": {
            "bgp": [],
            "creation_timestamp": "2024-12-05T23:29:58.705-08:00",
            "description": "",
            "encrypted_interconnect_router": false,
            "id": "projects/banchanxanh/regions/us-central1/routers/bcx-kubernetes-router",
            "name": "bcx-kubernetes-router",
            "network": "https://www.googleapis.com/compute/v1/projects/banchanxanh/global/networks/bcx-kubernetes-vpc",
            "project": "banchanxanh",
            "region": "us-central1",
            "self_link": "https://www.googleapis.com/compute/v1/projects/banchanxanh/regions/us-central1/routers/bcx-kubernetes-router",
            "timeouts": null
          },
          "sensitive_attributes": [],
          "private": "eyJlMmJmYjczMC1lY2FhLTExZTYtOGY4OC0zNDM2M2JjN2M0YzAiOnsiY3JlYXRlIjoxMjAwMDAwMDAwMDAwLCJkZWxldGUiOjEyMDAwMDAwMDAwMDAsInVwZGF0ZSI6MTIwMDAwMDAwMDAwMH19",
          "dependencies": [
            "module.vpc.google_compute_network.vpc_network"
          ]
        }
      ]
    },
    {
      "module": "module.vpc",
      "mode": "managed",
      "type": "google_compute_router_nat",
      "name": "nat",
      "provider": "provider[\"registry.terraform.io/hashicorp/google\"]",
      "instances": [
        {
          "schema_version": 0,
          "attributes": {
            "auto_network_tier": "PREMIUM",
            "drain_nat_ips": [],
            "enable_dynamic_port_allocation": false,
            "enable_endpoint_independent_mapping": false,
            "endpoint_types": [
              "ENDPOINT_TYPE_VM"
            ],
            "icmp_idle_timeout_sec": 30,
            "id": "banchanxanh/us-central1/bcx-kubernetes-router/bcx-kubernetes-nat",
            "initial_nat_ips": null,
            "log_config": [],
            "max_ports_per_vm": 0,
            "min_ports_per_vm": 0,
            "name": "bcx-kubernetes-nat",
            "nat_ip_allocate_option": "AUTO_ONLY",
            "nat_ips": [],
            "project": "banchanxanh",
            "region": "us-central1",
            "router": "bcx-kubernetes-router",
            "rules": [],
            "source_subnetwork_ip_ranges_to_nat": "ALL_SUBNETWORKS_ALL_IP_RANGES",
            "subnetwork": [],
            "tcp_established_idle_timeout_sec": 1200,
            "tcp_time_wait_timeout_sec": 120,
            "tcp_transitory_idle_timeout_sec": 30,
            "timeouts": null,
            "udp_idle_timeout_sec": 30
          },
          "sensitive_attributes": [],
          "private": "eyJlMmJmYjczMC1lY2FhLTExZTYtOGY4OC0zNDM2M2JjN2M0YzAiOnsiY3JlYXRlIjoxMjAwMDAwMDAwMDAwLCJkZWxldGUiOjEyMDAwMDAwMDAwMDAsInVwZGF0ZSI6MTIwMDAwMDAwMDAwMH19",
          "dependencies": [
            "module.vpc.google_compute_network.vpc_network",
            "module.vpc.google_compute_router.router"
          ]
        }
      ]
    }
  ],
  "check_results": null
}
