{
  "version": 4,
  "terraform_version": "1.10.0",
  "serial": 164,
  "lineage": "0a5bcecb-b385-d63e-ce46-293b22293c21",
  "outputs": {
    "api_gateway_url": {
      "value": "bcx-gateway-83yb5y92.uc.gateway.dev",
      "type": "string"
    },
    "cloud_sql_connection_name": {
      "value": "banchanxanh:us-central1:bcx-sql-instance",
      "type": "string"
    },
    "cloud_sql_instance": {
      "value": "bcx-sql-instance",
      "type": "string"
    },
    "identity_platform": {
      "value": {
        "identity_platform": "Identity Platform enabled"
      },
      "type": [
        "object",
        {
          "identity_platform": "string"
        }
      ]
    },
    "kubernetes_cluster": {
      "value": "172.16.0.2",
      "type": "string"
    }
  },
  "resources": [
    {
      "module": "module.api_gateway",
      "mode": "managed",
      "type": "google_api_gateway_api",
      "name": "bcx_api",
      "provider": "provider[\"registry.terraform.io/hashicorp/google-beta\"]",
      "instances": [
        {
          "schema_version": 0,
          "attributes": {
            "api_id": "bcx-api-id",
            "create_time": "2024-12-04T14:10:30.637098758Z",
            "display_name": "API Gateway for Banchanxanh",
            "effective_labels": {
              "goog-terraform-provisioned": "true"
            },
            "id": "projects/banchanxanh/locations/global/apis/bcx-api-id",
            "labels": {},
            "managed_service": "bcx-api-id-3k9oxf5xknggd.apigateway.banchanxanh.cloud.goog",
            "name": "projects/banchanxanh/locations/global/apis/bcx-api-id",
            "project": "banchanxanh",
            "terraform_labels": {
              "goog-terraform-provisioned": "true"
            },
            "timeouts": null
          },
          "sensitive_attributes": [],
          "private": "eyJlMmJmYjczMC1lY2FhLTExZTYtOGY4OC0zNDM2M2JjN2M0YzAiOnsiY3JlYXRlIjoxMjAwMDAwMDAwMDAwLCJkZWxldGUiOjEyMDAwMDAwMDAwMDAsInVwZGF0ZSI6MTIwMDAwMDAwMDAwMH19"
        }
      ]
    },
    {
      "module": "module.api_gateway",
      "mode": "managed",
      "type": "google_api_gateway_api_config",
      "name": "api_config",
      "provider": "provider[\"registry.terraform.io/hashicorp/google-beta\"]",
      "instances": [
        {
          "schema_version": 0,
          "attributes": {
            "api": "bcx-api-id",
            "api_config_id": "terraform-20241206091836984900000001",
            "api_config_id_prefix": null,
            "display_name": "terraform-20241206091836984900000001",
            "effective_labels": {
              "goog-terraform-provisioned": "true"
            },
            "gateway_config": [],
            "grpc_services": [],
            "id": "projects/banchanxanh/locations/global/apis/bcx-api-id/configs/terraform-20241206091836984900000001",
            "labels": {},
            "managed_service_configs": [],
            "name": "projects/635518263206/locations/global/apis/bcx-api-id/configs/terraform-20241206091836984900000001",
            "openapi_documents": [
              {
                "document": [
                  {
                    "contents": "c3dhZ2dlcjogIjIuMCIKaW5mbzoKICB0aXRsZTogIkJhc2ljIEFQSSIKICBkZXNjcmlwdGlvbjogIkEgYmFzaWMgQVBJIEdhdGV3YXkgZXhhbXBsZSIKICB2ZXJzaW9uOiAiMS4wLjAiCmhvc3Q6ICJnYXRld2F5LWlkLWJhbmNoYW54YW5oLmdhdGV3YXkuZGV2Igp4LWdvb2dsZS1lbmRwb2ludHM6CiAgLSBuYW1lOiAiZ2F0ZXdheS1pZC1iYW5jaGFueGFuaC5nYXRld2F5LmRldiIKICAgIGFsbG93Q29yczogdHJ1ZQoKcGF0aHM6CiAgL2hlbGxvOgogICAgZ2V0OgogICAgICBzdW1tYXJ5OiAiU2F5IEhlbGxvIgogICAgICBkZXNjcmlwdGlvbjogIlJldHVybnMgYSBzaW1wbGUgZ3JlZXRpbmcgbWVzc2FnZSIKICAgICAgb3BlcmF0aW9uSWQ6IGhlbGxvCiAgICAgIHgtZ29vZ2xlLWJhY2tlbmQ6CiAgICAgICAgYWRkcmVzczogImh0dHBzOi8vZ29vZ2xlLmNvbSIKICAgICAgcmVzcG9uc2VzOgogICAgICAgICcyMDAnOgogICAgICAgICAgZGVzY3JpcHRpb246ICJBIHN1Y2Nlc3NmdWwgcmVzcG9uc2UiCiAgICAgICAgICBzY2hlbWE6CiAgICAgICAgICAgIHR5cGU6ICJzdHJpbmciCg==",
                    "path": "./modules/api-gateway/openapi/openapi.yaml"
                  }
                ]
              }
            ],
            "project": "banchanxanh",
            "service_config_id": "terraform-20241206091836984900000001-22overmn37dns",
            "terraform_labels": {
              "goog-terraform-provisioned": "true"
            },
            "timeouts": null
          },
          "sensitive_attributes": [],
          "private": "eyJlMmJmYjczMC1lY2FhLTExZTYtOGY4OC0zNDM2M2JjN2M0YzAiOnsiY3JlYXRlIjoxMjAwMDAwMDAwMDAwLCJkZWxldGUiOjEyMDAwMDAwMDAwMDAsInVwZGF0ZSI6MTIwMDAwMDAwMDAwMH19",
          "dependencies": [
            "module.api_gateway.google_api_gateway_api.bcx_api"
          ]
        }
      ]
    },
    {
      "module": "module.api_gateway",
      "mode": "managed",
      "type": "google_api_gateway_gateway",
      "name": "api_gateway",
      "provider": "provider[\"registry.terraform.io/hashicorp/google-beta\"]",
      "instances": [
        {
          "schema_version": 0,
          "attributes": {
            "api_config": "projects/635518263206/locations/global/apis/bcx-api-id/configs/terraform-20241206091836984900000001",
            "default_hostname": "bcx-gateway-83yb5y92.uc.gateway.dev",
            "display_name": "Ban Chan Xanh Gateway",
            "effective_labels": {
              "goog-terraform-provisioned": "true"
            },
            "gateway_id": "bcx-gateway",
            "id": "projects/banchanxanh/locations/us-central1/gateways/bcx-gateway",
            "labels": {},
            "name": "projects/banchanxanh/locations/us-central1/gateways/bcx-gateway",
            "project": "banchanxanh",
            "region": "us-central1",
            "terraform_labels": {
              "goog-terraform-provisioned": "true"
            },
            "timeouts": null
          },
          "sensitive_attributes": [],
          "private": "eyJlMmJmYjczMC1lY2FhLTExZTYtOGY4OC0zNDM2M2JjN2M0YzAiOnsiY3JlYXRlIjoxMjAwMDAwMDAwMDAwLCJkZWxldGUiOjEyMDAwMDAwMDAwMDAsInVwZGF0ZSI6MTIwMDAwMDAwMDAwMH19",
          "dependencies": [
            "module.api_gateway.google_api_gateway_api.bcx_api",
            "module.api_gateway.google_api_gateway_api_config.api_config"
          ]
        }
      ]
    },
    {
      "module": "module.api_gateway",
      "mode": "managed",
      "type": "google_project_service",
      "name": "api_gateway",
      "provider": "provider[\"registry.terraform.io/hashicorp/google\"]",
      "instances": [
        {
          "schema_version": 0,
          "attributes": {
            "disable_dependent_services": null,
            "disable_on_destroy": true,
            "id": "banchanxanh/apigateway.googleapis.com",
            "project": "banchanxanh",
            "service": "apigateway.googleapis.com",
            "timeouts": null
          },
          "sensitive_attributes": [],
          "private": "eyJlMmJmYjczMC1lY2FhLTExZTYtOGY4OC0zNDM2M2JjN2M0YzAiOnsiY3JlYXRlIjoxMjAwMDAwMDAwMDAwLCJkZWxldGUiOjEyMDAwMDAwMDAwMDAsInJlYWQiOjYwMDAwMDAwMDAwMCwidXBkYXRlIjoxMjAwMDAwMDAwMDAwfX0="
        }
      ]
    },
    {
      "module": "module.cloud_sql",
      "mode": "managed",
      "type": "google_project_service",
      "name": "sqladmin",
      "provider": "provider[\"registry.terraform.io/hashicorp/google\"]",
      "instances": [
        {
          "schema_version": 0,
          "attributes": {
            "disable_dependent_services": null,
            "disable_on_destroy": true,
            "id": "banchanxanh/sqladmin.googleapis.com",
            "project": "banchanxanh",
            "service": "sqladmin.googleapis.com",
            "timeouts": null
          },
          "sensitive_attributes": [],
          "private": "eyJlMmJmYjczMC1lY2FhLTExZTYtOGY4OC0zNDM2M2JjN2M0YzAiOnsiY3JlYXRlIjoxMjAwMDAwMDAwMDAwLCJkZWxldGUiOjEyMDAwMDAwMDAwMDAsInJlYWQiOjYwMDAwMDAwMDAwMCwidXBkYXRlIjoxMjAwMDAwMDAwMDAwfX0="
        }
      ]
    },
    {
      "module": "module.cloud_sql",
      "mode": "managed",
      "type": "google_sql_database_instance",
      "name": "cloud_sql_instance",
      "provider": "provider[\"registry.terraform.io/hashicorp/google\"]",
      "instances": [
        {
          "schema_version": 0,
          "attributes": {
            "available_maintenance_versions": [],
            "clone": [],
            "connection_name": "banchanxanh:us-central1:bcx-sql-instance",
            "database_version": "POSTGRES_14",
            "deletion_protection": true,
            "dns_name": "",
            "encryption_key_name": null,
            "first_ip_address": "34.72.42.178",
            "id": "bcx-sql-instance",
            "instance_type": "CLOUD_SQL_INSTANCE",
            "ip_address": [
              {
                "ip_address": "34.72.42.178",
                "time_to_retire": "",
                "type": "PRIMARY"
              },
              {
                "ip_address": "34.44.44.86",
                "time_to_retire": "",
                "type": "OUTGOING"
              }
            ],
            "maintenance_version": "POSTGRES_14_13.R20240910.01_17",
            "master_instance_name": "",
            "name": "bcx-sql-instance",
            "private_ip_address": "",
            "project": "banchanxanh",
            "psc_service_attachment_link": "",
            "public_ip_address": "34.72.42.178",
            "region": "us-central1",
            "replica_configuration": [],
            "replica_names": [],
            "restore_backup_context": [],
            "root_password": null,
            "self_link": "https://sqladmin.googleapis.com/sql/v1beta4/projects/banchanxanh/instances/bcx-sql-instance",
            "server_ca_cert": [
              {
                "cert": "-----BEGIN CERTIFICATE-----\nMIIDfzCCAmegAwIBAgIBADANBgkqhkiG9w0BAQsFADB3MS0wKwYDVQQuEyQ2YjQw\nMzM2Mi01YjkxLTQ2ZTctYmRmNC05ODU2NjA0Mjc4ZDUxIzAhBgNVBAMTGkdvb2ds\nZSBDbG91ZCBTUUwgU2VydmVyIENBMRQwEgYDVQQKEwtHb29nbGUsIEluYzELMAkG\nA1UEBhMCVVMwHhcNMjQxMjA0MTQxMTI3WhcNMzQxMjAyMTQxMjI3WjB3MS0wKwYD\nVQQuEyQ2YjQwMzM2Mi01YjkxLTQ2ZTctYmRmNC05ODU2NjA0Mjc4ZDUxIzAhBgNV\nBAMTGkdvb2dsZSBDbG91ZCBTUUwgU2VydmVyIENBMRQwEgYDVQQKEwtHb29nbGUs\nIEluYzELMAkGA1UEBhMCVVMwggEiMA0GCSqGSIb3DQEBAQUAA4IBDwAwggEKAoIB\nAQDoEXL7pgsxsMicWlS9QmWRv/xFB/m/p8BIYL4d8mTn1jZCMhI791W8kNTuS5NR\nSe1OmD3VHYx/sGEE1sHUGDmuKgVufk+lwx5x0jlH/PuH6zGjEGFDnrY+SYCXv8qR\nq0t6ouOKXu6yT1LdQHr6C2H3cS6f9png2xRHWEqwqq32rIQMJs/L0FP0LiOYOD6A\nTql5wnBmeFogtkNFGtXulF6P3NbgHhv0J3l963m/jMFzFZmf82Pudk1vshAmCSHM\nusNMvSmAAiZn0bB4GkBcJqedryWpP3YceL+iJ6Ll8OM9V8U0BqiIbM/U65adfuYo\nJZW888N5+v42ppRs7U0ilXtBAgMBAAGjFjAUMBIGA1UdEwEB/wQIMAYBAf8CAQAw\nDQYJKoZIhvcNAQELBQADggEBADmnJ+ojSzdO+N5D2lAf4SKPeoMduDw0XIXDELMg\nBxktB5JuXe8A5AEpJ3EVVB8ZOptrp+HNZ9D9IQqT4Qm0+sK/1orZn/1Ge4dXAttl\nYwVuQA8NOjqb4R1RRU/y/t3ANadAR1FC9/bsYUm2cBn0cYCciOCwgTLuAh6lRIJ+\nZvrYp/ymnYFE9gFTaa8x8/KTngMtGLRi653T8/aP//hqH+XiHIIphtNYkbp8843r\nCX8/nm2zVFxJ9eokt98ZFAnrnI1F1LTH2TfYQRHGWp4hqMdZIOQkamPzbAm8BFPn\nzrrwpY/ivmRla6GoJoTaFbrl9DFIjOWhzKiqyXokcPhNRDk=\n-----END CERTIFICATE-----",
                "common_name": "C=US,O=Google\\, Inc,CN=Google Cloud SQL Server CA,dnQualifier=6b403362-5b91-46e7-bdf4-9856604278d5",
                "create_time": "2024-12-04T14:11:27.319Z",
                "expiration_time": "2034-12-02T14:12:27.319Z",
                "sha1_fingerprint": "c9631ddbe2c8204c3b8b5884bc09e70b784f5150"
              }
            ],
            "service_account_email_address": "p635518263206-2op24u@gcp-sa-cloud-sql.iam.gserviceaccount.com",
            "settings": [
              {
                "activation_policy": "ALWAYS",
                "active_directory_config": [],
                "advanced_machine_features": [],
                "availability_type": "ZONAL",
                "backup_configuration": [
                  {
                    "backup_retention_settings": [
                      {
                        "retained_backups": 7,
                        "retention_unit": "COUNT"
                      }
                    ],
                    "binary_log_enabled": false,
                    "enabled": false,
                    "location": "",
                    "point_in_time_recovery_enabled": false,
                    "start_time": "00:00",
                    "transaction_log_retention_days": 7
                  }
                ],
                "collation": "",
                "connector_enforcement": "NOT_REQUIRED",
                "data_cache_config": [],
                "database_flags": [],
                "deletion_protection_enabled": false,
                "deny_maintenance_period": [],
                "disk_autoresize": true,
                "disk_autoresize_limit": 0,
                "disk_size": 10,
                "disk_type": "PD_SSD",
                "edition": "ENTERPRISE",
                "enable_dataplex_integration": false,
                "enable_google_ml_integration": false,
                "insights_config": [],
                "ip_configuration": [
                  {
                    "allocated_ip_range": "",
                    "authorized_networks": [],
                    "enable_private_path_for_google_cloud_services": false,
                    "ipv4_enabled": false,
                    "private_network": "projects/banchanxanh/global/networks/bcx-kubernetes-vpc",
                    "psc_config": [],
                    "server_ca_mode": "GOOGLE_MANAGED_INTERNAL_CA",
                    "ssl_mode": "ALLOW_UNENCRYPTED_AND_ENCRYPTED"
                  }
                ],
                "location_preference": [
                  {
                    "follow_gae_application": "",
                    "secondary_zone": "",
                    "zone": "us-central1-c"
                  }
                ],
                "maintenance_window": [],
                "password_validation_policy": [],
                "pricing_plan": "PER_USE",
                "sql_server_audit_config": [],
                "tier": "db-f1-micro",
                "time_zone": "",
                "user_labels": {},
                "version": 2
              }
            ],
            "timeouts": null
          },
          "sensitive_attributes": [
            [
              {
                "type": "get_attr",
                "value": "root_password"
              }
            ],
            [
              {
                "type": "get_attr",
                "value": "server_ca_cert"
              }
            ]
          ],
          "private": "eyJlMmJmYjczMC1lY2FhLTExZTYtOGY4OC0zNDM2M2JjN2M0YzAiOnsiY3JlYXRlIjo1NDAwMDAwMDAwMDAwLCJkZWxldGUiOjU0MDAwMDAwMDAwMDAsInVwZGF0ZSI6NTQwMDAwMDAwMDAwMH19",
          "dependencies": [
            "module.vpc.google_compute_network.vpc_network"
          ]
        }
      ]
    },
    {
      "module": "module.identity_platform",
      "mode": "managed",
      "type": "google_project_service",
      "name": "identity_platform",
      "provider": "provider[\"registry.terraform.io/hashicorp/google\"]",
      "instances": [
        {
          "schema_version": 0,
          "attributes": {
            "disable_dependent_services": null,
            "disable_on_destroy": true,
            "id": "banchanxanh/identitytoolkit.googleapis.com",
            "project": "banchanxanh",
            "service": "identitytoolkit.googleapis.com",
            "timeouts": null
          },
          "sensitive_attributes": [],
          "private": "eyJlMmJmYjczMC1lY2FhLTExZTYtOGY4OC0zNDM2M2JjN2M0YzAiOnsiY3JlYXRlIjoxMjAwMDAwMDAwMDAwLCJkZWxldGUiOjEyMDAwMDAwMDAwMDAsInJlYWQiOjYwMDAwMDAwMDAwMCwidXBkYXRlIjoxMjAwMDAwMDAwMDAwfX0="
        }
      ]
    },
    {
      "module": "module.kubernetes",
      "mode": "data",
      "type": "google_client_config",
      "name": "current",
      "provider": "provider[\"registry.terraform.io/hashicorp/google\"]",
      "instances": [
        {
          "schema_version": 0,
          "attributes": {
            "access_token": "ya29.c.c0ASRK0GaJgT0yvIi31jizkMQvNWtCovYWjVLExyJhFEM3rmu-PxkMatkBVqAgxW0K4pedBAdD8XqxYn8jLgfRszlVjbx_ayUVSShnVMgc5xWflfgXmF3nZvaXSSprjlIPJNzWh2wwLE_xUs4n69SLE2080zx98I0bdbKHXOU0zUyJQr1U7HCug2MqEA1MRo0zfJ8DVpsnOjP6aSOHYHGHohUNQEr950Hoa8OWshCmZau1eGTi8h-tZR0dH4wJ6ZVvWKP5SAlYPKZikgTquZRxJrCMZH_6tlmp1Oqoc4tTxA1wRRsE2c9kVO8YZoZpoiSpIB57dGifx75Kxzb9pQADLRWZl5KZClYZZzGzDDkQXOh8QubnuOLu1Yc9MwT387Kzgp51crI6qO40VVO4IIg-lmhvUlpyIBS8iwq5SpkuV63BtRdO83lle1gkaQ-Urm8RYliU0ln_XYQvf-zFJ-MXtS-nuVrMQgiu8xewy0bsizFqZnygv31v_8y29y0SuIrra4iFyB_53nyhVcc1ga7Xh_sFpwnOc4wJFcYaIrthFuaaFix88Xh2SzIo3ht6yIgvBzR7Mf3_fhU58Vk6snmnYX9tVvQmfRSmm88cVc5t8j5zWR4QR_c18XgzyyZZyakq_OZIuq240elBSzOsMvaRjJ5j8-g02fa0BeF39i1tvBdllaVxeBXnr6tini0BMq8IWbtbMq2a9gJ_Z_5o38YSxz5ag673ivQ59UZFfcSs6i771vq6Ye2itb2eZ9mxhvuu9hWB_vFz1Z5z4IWoUfbd2R5UtyM0kX9RUZZmUBkz0baSQc_Bknjfzxc1ogXcventUjtZfqe-fot8eB4hM-uMjtgzfyw-70vk3ufRyZvqmox62971S1_tBks77s8wulSf2QvZbmflfk7M7_9OujBy38zfWi_OenshrBanRzQffou-ylVz-lY53Xj1W425mi62aQvpB651WMhyFq_spolcZ4Bh-1imUXOqV9-35ftZ5F8gfgq_bW1f31W",
            "default_labels": null,
            "id": "projects/\"banchanxanh\"/regions/\"us-central1\"/zones/\u003cnull\u003e",
            "project": "banchanxanh",
            "region": "us-central1",
            "zone": null
          },
          "sensitive_attributes": [
            [
              {
                "type": "get_attr",
                "value": "access_token"
              }
            ]
          ]
        }
      ]
    },
    {
      "module": "module.kubernetes",
      "mode": "data",
      "type": "local_file",
      "name": "yaml_files",
      "provider": "provider[\"registry.terraform.io/hashicorp/local\"]",
      "instances": [
        {
          "index_key": "keycloak/deployment.yaml",
          "schema_version": 0,
          "attributes": {
            "content": "\napiVersion: apps/v1\nkind: Deployment\nmetadata:\n  name: keycloak\n  namespace: keycloak\nspec:\n  replicas: 1\n  selector:\n    matchLabels:\n      app: keycloak\n  template:\n    metadata:\n      labels:\n        app: keycloak\n    spec:\n      containers:\n        - name: keycloak\n          image: quay.io/keycloak/keycloak:latest\n          args: [\"start-dev\"]\n          env:\n            - name: KEYCLOAK_ADMIN\n              value: admin\n            - name: KEYCLOAK_ADMIN_PASSWORD\n              value: admin\n            - name: KC_HOSTNAME_STRICT\n              value: \"false\"\n          ports:\n            - containerPort: 8080\n          readinessProbe:\n            httpGet:\n              path: /auth\n              port: 8080\n          livenessProbe:\n            httpGet:\n              path: /auth\n              port: 8080",
            "content_base64": "CmFwaVZlcnNpb246IGFwcHMvdjEKa2luZDogRGVwbG95bWVudAptZXRhZGF0YToKICBuYW1lOiBrZXljbG9hawogIG5hbWVzcGFjZToga2V5Y2xvYWsKc3BlYzoKICByZXBsaWNhczogMQogIHNlbGVjdG9yOgogICAgbWF0Y2hMYWJlbHM6CiAgICAgIGFwcDoga2V5Y2xvYWsKICB0ZW1wbGF0ZToKICAgIG1ldGFkYXRhOgogICAgICBsYWJlbHM6CiAgICAgICAgYXBwOiBrZXljbG9hawogICAgc3BlYzoKICAgICAgY29udGFpbmVyczoKICAgICAgICAtIG5hbWU6IGtleWNsb2FrCiAgICAgICAgICBpbWFnZTogcXVheS5pby9rZXljbG9hay9rZXljbG9hazpsYXRlc3QKICAgICAgICAgIGFyZ3M6IFsic3RhcnQtZGV2Il0KICAgICAgICAgIGVudjoKICAgICAgICAgICAgLSBuYW1lOiBLRVlDTE9BS19BRE1JTgogICAgICAgICAgICAgIHZhbHVlOiBhZG1pbgogICAgICAgICAgICAtIG5hbWU6IEtFWUNMT0FLX0FETUlOX1BBU1NXT1JECiAgICAgICAgICAgICAgdmFsdWU6IGFkbWluCiAgICAgICAgICAgIC0gbmFtZTogS0NfSE9TVE5BTUVfU1RSSUNUCiAgICAgICAgICAgICAgdmFsdWU6ICJmYWxzZSIKICAgICAgICAgIHBvcnRzOgogICAgICAgICAgICAtIGNvbnRhaW5lclBvcnQ6IDgwODAKICAgICAgICAgIHJlYWRpbmVzc1Byb2JlOgogICAgICAgICAgICBodHRwR2V0OgogICAgICAgICAgICAgIHBhdGg6IC9hdXRoCiAgICAgICAgICAgICAgcG9ydDogODA4MAogICAgICAgICAgbGl2ZW5lc3NQcm9iZToKICAgICAgICAgICAgaHR0cEdldDoKICAgICAgICAgICAgICBwYXRoOiAvYXV0aAogICAgICAgICAgICAgIHBvcnQ6IDgwODA=",
            "content_base64sha256": "OIqCOvyGVD+q8o1ps3xm0TTWi6yCRmILUL2tSZXtAuM=",
            "content_base64sha512": "rsev/eb7fzx05yyXT9GVmGnUPvCxV5eRjplr4XZg8mV9FVWC3unRJ4l5bUKnJw5XQYlgXlqZ9wvpTpfGW2ZA2w==",
            "content_md5": "164ae587999ce1dafb3cf6248aa159eb",
            "content_sha1": "2eb7b94a048a150a0c45444ab07da6188bbd524b",
            "content_sha256": "388a823afc86543faaf28d69b37c66d134d68bac8246620b50bdad4995ed02e3",
            "content_sha512": "aec7affde6fb7f3c74e72c974fd1959869d43ef0b15797918e996be17660f2657d155582dee9d12789796d42a7270e574189605e5a99f70be94e97c65b6640db",
            "filename": "modules/kubernetes/config/keycloak/deployment.yaml",
            "id": "2eb7b94a048a150a0c45444ab07da6188bbd524b"
          },
          "sensitive_attributes": []
        },
        {
          "index_key": "keycloak/load_balancer.yaml",
          "schema_version": 0,
          "attributes": {
            "content": "apiVersion: v1\nkind: Service\nmetadata:\n  name: keycloak-lb\n  namespace: keycloak\n  annotations:\n    cloud.google.com/load-balancer-type: \"Internal\"  # Private load balancer\nspec:\n  type: LoadBalancer\n  ports:\n    - port: 8080\n      targetPort: 8080\n  selector:\n    app: keycloak\n",
            "content_base64": "YXBpVmVyc2lvbjogdjEKa2luZDogU2VydmljZQptZXRhZGF0YToKICBuYW1lOiBrZXljbG9hay1sYgogIG5hbWVzcGFjZToga2V5Y2xvYWsKICBhbm5vdGF0aW9uczoKICAgIGNsb3VkLmdvb2dsZS5jb20vbG9hZC1iYWxhbmNlci10eXBlOiAiSW50ZXJuYWwiICAjIFByaXZhdGUgbG9hZCBiYWxhbmNlcgpzcGVjOgogIHR5cGU6IExvYWRCYWxhbmNlcgogIHBvcnRzOgogICAgLSBwb3J0OiA4MDgwCiAgICAgIHRhcmdldFBvcnQ6IDgwODAKICBzZWxlY3RvcjoKICAgIGFwcDoga2V5Y2xvYWsK",
            "content_base64sha256": "pa0EbN+T/gVQLGH0e5s8fBxvrpezQULIOYPsKk8xd4E=",
            "content_base64sha512": "DRtqsVkuifkcDM3HtIFmF0aewBhb5ntc1AxH3PmgEZc7jqFeLD+23uzRChbQfWeVAI593rLEXQdUhpK8jKAgvw==",
            "content_md5": "ae4c6e30c15eacaff20c69a4ab98cd4d",
            "content_sha1": "c77a176805bacfcffc90ce16805b623e185cdde4",
            "content_sha256": "a5ad046cdf93fe05502c61f47b9b3c7c1c6fae97b34142c83983ec2a4f317781",
            "content_sha512": "0d1b6ab1592e89f91c0ccdc7b4816617469ec0185be67b5cd40c47dcf9a011973b8ea15e2c3fb6deecd10a16d07d6795008e7ddeb2c45d07548692bc8ca020bf",
            "filename": "modules/kubernetes/config/keycloak/load_balancer.yaml",
            "id": "c77a176805bacfcffc90ce16805b623e185cdde4"
          },
          "sensitive_attributes": []
        },
        {
          "index_key": "keycloak/namespace.yaml",
          "schema_version": 0,
          "attributes": {
            "content": "apiVersion: v1\nkind: Namespace\nmetadata:\n  name: keycloak",
            "content_base64": "YXBpVmVyc2lvbjogdjEKa2luZDogTmFtZXNwYWNlCm1ldGFkYXRhOgogIG5hbWU6IGtleWNsb2Fr",
            "content_base64sha256": "h0+gn6C4z6kjK38DJ+X4PBRnStJV5/P3RzQpuzFwaYs=",
            "content_base64sha512": "SqXaCAcD+lQkiOIu1L1lZlDz3C64M+WvjUf0UoowkoU/kIwqLoVQz7F117SH2E/+3YeWGLMm9ck5ypi696A2/g==",
            "content_md5": "581dc97aa1d70076e86510b6c523af4b",
            "content_sha1": "e95fa2ac4efc3e6f9ed2076bf12f171c84c1dee5",
            "content_sha256": "874fa09fa0b8cfa9232b7f0327e5f83c14674ad255e7f3f7473429bb3170698b",
            "content_sha512": "4aa5da080703fa542488e22ed4bd656650f3dc2eb833e5af8d47f4528a3092853f908c2a2e8550cfb175d7b487d84ffedd879618b326f5c939ca98baf7a036fe",
            "filename": "modules/kubernetes/config/keycloak/namespace.yaml",
            "id": "e95fa2ac4efc3e6f9ed2076bf12f171c84c1dee5"
          },
          "sensitive_attributes": []
        },
        {
          "index_key": "keycloak/service.yaml",
          "schema_version": 0,
          "attributes": {
            "content": "apiVersion: v1\nkind: Service\nmetadata:\n  name: keycloak\n  namespace: keycloak\n  labels:\n    app: keycloak\nspec:\n  type: ClusterIP  # Internal-only service\n  ports:\n    - port: 8080\n      targetPort: 8080\n  selector:\n    app: keycloak",
            "content_base64": "YXBpVmVyc2lvbjogdjEKa2luZDogU2VydmljZQptZXRhZGF0YToKICBuYW1lOiBrZXljbG9hawogIG5hbWVzcGFjZToga2V5Y2xvYWsKICBsYWJlbHM6CiAgICBhcHA6IGtleWNsb2FrCnNwZWM6CiAgdHlwZTogQ2x1c3RlcklQICAjIEludGVybmFsLW9ubHkgc2VydmljZQogIHBvcnRzOgogICAgLSBwb3J0OiA4MDgwCiAgICAgIHRhcmdldFBvcnQ6IDgwODAKICBzZWxlY3RvcjoKICAgIGFwcDoga2V5Y2xvYWs=",
            "content_base64sha256": "EXAdsLEKGIswXOsYEPteVJHBnCOkVfAiBXnVNUQQrSs=",
            "content_base64sha512": "GZSa7SXkxEhSe+bnDZxHMIm4rQa7OQVQkBtipfYu1XJZAzcLnbXOURHlaMLSWBiaRubdXYIENB7p/nYt3P6B6A==",
            "content_md5": "fe41163483db5c16d363db01468d408b",
            "content_sha1": "b4bbd8649602e16bc4bd2cfeeee5ba4757feaeeb",
            "content_sha256": "11701db0b10a188b305ceb1810fb5e5491c19c23a455f0220579d5354410ad2b",
            "content_sha512": "19949aed25e4c448527be6e70d9c473089b8ad06bb390550901b62a5f62ed5725903370b9db5ce5111e568c2d258189a46e6dd5d8204341ee9fe762ddcfe81e8",
            "filename": "modules/kubernetes/config/keycloak/service.yaml",
            "id": "b4bbd8649602e16bc4bd2cfeeee5ba4757feaeeb"
          },
          "sensitive_attributes": []
        }
      ]
    },
    {
      "module": "module.kubernetes",
      "mode": "managed",
      "type": "google_compute_subnetwork",
      "name": "kubernetes_subnet",
      "provider": "provider[\"registry.terraform.io/hashicorp/google\"]",
      "instances": [
        {
          "schema_version": 0,
          "attributes": {
            "creation_timestamp": "2024-12-05T23:29:58.738-08:00",
            "description": "",
            "external_ipv6_prefix": "",
            "fingerprint": null,
            "gateway_address": "10.0.0.1",
            "id": "projects/banchanxanh/regions/us-central1/subnetworks/kubernetes-subnet",
            "internal_ipv6_prefix": "",
            "ip_cidr_range": "10.0.0.0/16",
            "ipv6_access_type": "",
            "ipv6_cidr_range": "",
            "log_config": [],
            "name": "kubernetes-subnet",
            "network": "https://www.googleapis.com/compute/v1/projects/banchanxanh/global/networks/bcx-kubernetes-vpc",
            "private_ip_google_access": true,
            "private_ipv6_google_access": "DISABLE_GOOGLE_ACCESS",
            "project": "banchanxanh",
            "purpose": "PRIVATE",
            "region": "us-central1",
            "reserved_internal_range": "",
            "role": "",
            "secondary_ip_range": [
              {
                "ip_cidr_range": "10.1.0.0/20",
                "range_name": "pods",
                "reserved_internal_range": ""
              },
              {
                "ip_cidr_range": "10.2.0.0/24",
                "range_name": "services",
                "reserved_internal_range": ""
              }
            ],
            "self_link": "https://www.googleapis.com/compute/v1/projects/banchanxanh/regions/us-central1/subnetworks/kubernetes-subnet",
            "send_secondary_ip_range_if_empty": null,
            "stack_type": "IPV4_ONLY",
            "timeouts": null
          },
          "sensitive_attributes": [],
          "private": "eyJlMmJmYjczMC1lY2FhLTExZTYtOGY4OC0zNDM2M2JjN2M0YzAiOnsiY3JlYXRlIjoxMjAwMDAwMDAwMDAwLCJkZWxldGUiOjEyMDAwMDAwMDAwMDAsInVwZGF0ZSI6MTIwMDAwMDAwMDAwMH19",
          "dependencies": [
            "module.vpc.google_compute_network.vpc_network"
          ]
        }
      ]
    },
    {
      "module": "module.kubernetes",
      "mode": "managed",
      "type": "google_container_cluster",
      "name": "gke_cluster",
      "provider": "provider[\"registry.terraform.io/hashicorp/google\"]",
      "instances": []
    },
    {
      "module": "module.kubernetes",
      "mode": "managed",
      "type": "google_project_service",
      "name": "gke",
      "provider": "provider[\"registry.terraform.io/hashicorp/google\"]",
      "instances": [
        {
          "schema_version": 0,
          "attributes": {
            "disable_dependent_services": null,
            "disable_on_destroy": true,
            "id": "banchanxanh/container.googleapis.com",
            "project": "banchanxanh",
            "service": "container.googleapis.com",
            "timeouts": null
          },
          "sensitive_attributes": [],
          "private": "eyJlMmJmYjczMC1lY2FhLTExZTYtOGY4OC0zNDM2M2JjN2M0YzAiOnsiY3JlYXRlIjoxMjAwMDAwMDAwMDAwLCJkZWxldGUiOjEyMDAwMDAwMDAwMDAsInJlYWQiOjYwMDAwMDAwMDAwMCwidXBkYXRlIjoxMjAwMDAwMDAwMDAwfX0="
        }
      ]
    },
    {
      "module": "module.vpc",
      "mode": "managed",
      "type": "google_compute_network",
      "name": "vpc_network",
      "provider": "provider[\"registry.terraform.io/hashicorp/google\"]",
      "instances": [
        {
          "schema_version": 0,
          "attributes": {
            "auto_create_subnetworks": false,
            "delete_default_routes_on_create": false,
            "description": "",
            "enable_ula_internal_ipv6": false,
            "gateway_ipv4": "",
            "id": "projects/banchanxanh/global/networks/bcx-kubernetes-vpc",
            "internal_ipv6_range": "",
            "mtu": 0,
            "name": "bcx-kubernetes-vpc",
            "network_firewall_policy_enforcement_order": "AFTER_CLASSIC_FIREWALL",
            "numeric_id": "2259593198173100338",
            "project": "banchanxanh",
            "routing_mode": "REGIONAL",
            "self_link": "https://www.googleapis.com/compute/v1/projects/banchanxanh/global/networks/bcx-kubernetes-vpc",
            "timeouts": null
          },
          "sensitive_attributes": [],
          "private": "eyJlMmJmYjczMC1lY2FhLTExZTYtOGY4OC0zNDM2M2JjN2M0YzAiOnsiY3JlYXRlIjoxMjAwMDAwMDAwMDAwLCJkZWxldGUiOjEyMDAwMDAwMDAwMDAsInVwZGF0ZSI6MTIwMDAwMDAwMDAwMH19"
        }
      ]
    },
    {
      "module": "module.vpc",
      "mode": "managed",
      "type": "google_compute_router",
      "name": "router",
      "provider": "provider[\"registry.terraform.io/hashicorp/google\"]",
      "instances": [
        {
          "schema_version": 0,
          "attributes": {
            "bgp": [],
            "creation_timestamp": "2024-12-05T23:29:58.705-08:00",
            "description": "",
            "encrypted_interconnect_router": false,
            "id": "projects/banchanxanh/regions/us-central1/routers/bcx-kubernetes-router",
            "name": "bcx-kubernetes-router",
            "network": "https://www.googleapis.com/compute/v1/projects/banchanxanh/global/networks/bcx-kubernetes-vpc",
            "project": "banchanxanh",
            "region": "us-central1",
            "self_link": "https://www.googleapis.com/compute/v1/projects/banchanxanh/regions/us-central1/routers/bcx-kubernetes-router",
            "timeouts": null
          },
          "sensitive_attributes": [],
          "private": "eyJlMmJmYjczMC1lY2FhLTExZTYtOGY4OC0zNDM2M2JjN2M0YzAiOnsiY3JlYXRlIjoxMjAwMDAwMDAwMDAwLCJkZWxldGUiOjEyMDAwMDAwMDAwMDAsInVwZGF0ZSI6MTIwMDAwMDAwMDAwMH19",
          "dependencies": [
            "module.vpc.google_compute_network.vpc_network"
          ]
        }
      ]
    },
    {
      "module": "module.vpc",
      "mode": "managed",
      "type": "google_compute_router_nat",
      "name": "nat",
      "provider": "provider[\"registry.terraform.io/hashicorp/google\"]",
      "instances": [
        {
          "schema_version": 0,
          "attributes": {
            "auto_network_tier": "PREMIUM",
            "drain_nat_ips": [],
            "enable_dynamic_port_allocation": false,
            "enable_endpoint_independent_mapping": false,
            "endpoint_types": [
              "ENDPOINT_TYPE_VM"
            ],
            "icmp_idle_timeout_sec": 30,
            "id": "banchanxanh/us-central1/bcx-kubernetes-router/bcx-kubernetes-nat",
            "initial_nat_ips": null,
            "log_config": [],
            "max_ports_per_vm": 0,
            "min_ports_per_vm": 0,
            "name": "bcx-kubernetes-nat",
            "nat_ip_allocate_option": "AUTO_ONLY",
            "nat_ips": [],
            "project": "banchanxanh",
            "region": "us-central1",
            "router": "bcx-kubernetes-router",
            "rules": [],
            "source_subnetwork_ip_ranges_to_nat": "ALL_SUBNETWORKS_ALL_IP_RANGES",
            "subnetwork": [],
            "tcp_established_idle_timeout_sec": 1200,
            "tcp_time_wait_timeout_sec": 120,
            "tcp_transitory_idle_timeout_sec": 30,
            "timeouts": null,
            "udp_idle_timeout_sec": 30
          },
          "sensitive_attributes": [],
          "private": "eyJlMmJmYjczMC1lY2FhLTExZTYtOGY4OC0zNDM2M2JjN2M0YzAiOnsiY3JlYXRlIjoxMjAwMDAwMDAwMDAwLCJkZWxldGUiOjEyMDAwMDAwMDAwMDAsInVwZGF0ZSI6MTIwMDAwMDAwMDAwMH19",
          "dependencies": [
            "module.vpc.google_compute_network.vpc_network",
            "module.vpc.google_compute_router.router"
          ]
        }
      ]
    }
  ],
  "check_results": null
}
