{
  "version": 4,
  "terraform_version": "1.10.0",
  "serial": 226,
  "lineage": "0a5bcecb-b385-d63e-ce46-293b22293c21",
  "outputs": {
    "api_gateway_url": {
      "value": "bcx-gateway-83yb5y92.uc.gateway.dev",
      "type": "string"
    },
    "cloud_sql_connection_name": {
      "value": "banchanxanh:us-central1:bcx-sql-instance",
      "type": "string"
    },
    "cloud_sql_instance": {
      "value": "bcx-sql-instance",
      "type": "string"
    },
    "kubernetes_cluster": {
      "value": "172.16.0.2",
      "type": "string"
    }
  },
  "resources": [
    {
      "module": "module.api_gateway",
      "mode": "managed",
      "type": "google_api_gateway_api",
      "name": "bcx_api",
      "provider": "provider[\"registry.terraform.io/hashicorp/google-beta\"]",
      "instances": [
        {
          "schema_version": 0,
          "attributes": {
            "api_id": "bcx-api-id",
            "create_time": "2024-12-04T14:10:30.637098758Z",
            "display_name": "API Gateway for Banchanxanh",
            "effective_labels": {
              "goog-terraform-provisioned": "true"
            },
            "id": "projects/banchanxanh/locations/global/apis/bcx-api-id",
            "labels": {},
            "managed_service": "bcx-api-id-3k9oxf5xknggd.apigateway.banchanxanh.cloud.goog",
            "name": "projects/banchanxanh/locations/global/apis/bcx-api-id",
            "project": "banchanxanh",
            "terraform_labels": {
              "goog-terraform-provisioned": "true"
            },
            "timeouts": null
          },
          "sensitive_attributes": [],
          "private": "eyJlMmJmYjczMC1lY2FhLTExZTYtOGY4OC0zNDM2M2JjN2M0YzAiOnsiY3JlYXRlIjoxMjAwMDAwMDAwMDAwLCJkZWxldGUiOjEyMDAwMDAwMDAwMDAsInVwZGF0ZSI6MTIwMDAwMDAwMDAwMH19"
        }
      ]
    },
    {
      "module": "module.api_gateway",
      "mode": "managed",
      "type": "google_api_gateway_api_config",
      "name": "api_config",
      "provider": "provider[\"registry.terraform.io/hashicorp/google-beta\"]",
      "instances": [
        {
          "schema_version": 0,
          "attributes": {
            "api": "bcx-api-id",
            "api_config_id": "terraform-20241208120252130500000001",
            "api_config_id_prefix": null,
            "display_name": "terraform-20241208120252130500000001",
            "effective_labels": {
              "goog-terraform-provisioned": "true"
            },
            "gateway_config": [],
            "grpc_services": [],
            "id": "projects/banchanxanh/locations/global/apis/bcx-api-id/configs/terraform-20241208120252130500000001",
            "labels": null,
            "managed_service_configs": [],
            "name": "projects/635518263206/locations/global/apis/bcx-api-id/configs/terraform-20241208120252130500000001",
            "openapi_documents": [
              {
                "document": [
                  {
                    "contents": "c3dhZ2dlcjogIjIuMCIKaW5mbzoKICB0aXRsZTogIkJhc2ljIEFQSSIKICBkZXNjcmlwdGlvbjogIkEgYmFzaWMgQVBJIEdhdGV3YXkgZXhhbXBsZSIKICB2ZXJzaW9uOiAiMS4wLjAiCmhvc3Q6ICJnYXRld2F5LWlkLWJhbmNoYW54YW5oLmdhdGV3YXkuZGV2Igp4LWdvb2dsZS1lbmRwb2ludHM6CiAgLSBuYW1lOiAiZ2F0ZXdheS1pZC1iYW5jaGFueGFuaC5nYXRld2F5LmRldiIKICAgIGFsbG93Q29yczogdHJ1ZQoKcGF0aHM6CiAgL2hlbGxvOgogICAgZ2V0OgogICAgICBzdW1tYXJ5OiAiU2F5IEhlbGxvIgogICAgICBkZXNjcmlwdGlvbjogIlJldHVybnMgYSBzaW1wbGUgZ3JlZXRpbmcgbWVzc2FnZSIKICAgICAgb3BlcmF0aW9uSWQ6IGhlbGxvCiAgICAgIHgtZ29vZ2xlLWJhY2tlbmQ6CiAgICAgICAgYWRkcmVzczogImh0dHBzOi8vZ29vZ2xlLmNvbSIKICAgICAgcmVzcG9uc2VzOgogICAgICAgICcyMDAnOgogICAgICAgICAgZGVzY3JpcHRpb246ICJBIHN1Y2Nlc3NmdWwgcmVzcG9uc2UiCiAgICAgICAgICBzY2hlbWE6CiAgICAgICAgICAgIHR5cGU6ICJzdHJpbmciCg==",
                    "path": "./modules/api-gateway/openapi/openapi.yaml"
                  }
                ]
              }
            ],
            "project": "banchanxanh",
            "service_config_id": "terraform-20241208120252130500000001-0an66varke3iq",
            "terraform_labels": {
              "goog-terraform-provisioned": "true"
            },
            "timeouts": null
          },
          "sensitive_attributes": [],
          "private": "eyJlMmJmYjczMC1lY2FhLTExZTYtOGY4OC0zNDM2M2JjN2M0YzAiOnsiY3JlYXRlIjoxMjAwMDAwMDAwMDAwLCJkZWxldGUiOjEyMDAwMDAwMDAwMDAsInVwZGF0ZSI6MTIwMDAwMDAwMDAwMH19",
          "dependencies": [
            "module.api_gateway.google_api_gateway_api.bcx_api"
          ]
        }
      ]
    },
    {
      "module": "module.api_gateway",
      "mode": "managed",
      "type": "google_api_gateway_gateway",
      "name": "api_gateway",
      "provider": "provider[\"registry.terraform.io/hashicorp/google-beta\"]",
      "instances": [
        {
          "schema_version": 0,
          "attributes": {
            "api_config": "projects/635518263206/locations/global/apis/bcx-api-id/configs/terraform-20241208120252130500000001",
            "default_hostname": "bcx-gateway-83yb5y92.uc.gateway.dev",
            "display_name": "Ban Chan Xanh Gateway",
            "effective_labels": {
              "goog-terraform-provisioned": "true"
            },
            "gateway_id": "bcx-gateway",
            "id": "projects/banchanxanh/locations/us-central1/gateways/bcx-gateway",
            "labels": null,
            "name": "projects/banchanxanh/locations/us-central1/gateways/bcx-gateway",
            "project": "banchanxanh",
            "region": "us-central1",
            "terraform_labels": {
              "goog-terraform-provisioned": "true"
            },
            "timeouts": null
          },
          "sensitive_attributes": [],
          "private": "eyJlMmJmYjczMC1lY2FhLTExZTYtOGY4OC0zNDM2M2JjN2M0YzAiOnsiY3JlYXRlIjoxMjAwMDAwMDAwMDAwLCJkZWxldGUiOjEyMDAwMDAwMDAwMDAsInVwZGF0ZSI6MTIwMDAwMDAwMDAwMH19",
          "dependencies": [
            "module.api_gateway.google_api_gateway_api.bcx_api",
            "module.api_gateway.google_api_gateway_api_config.api_config"
          ]
        }
      ]
    },
    {
      "module": "module.api_gateway",
      "mode": "managed",
      "type": "google_project_service",
      "name": "api_gateway",
      "provider": "provider[\"registry.terraform.io/hashicorp/google\"]",
      "instances": [
        {
          "schema_version": 0,
          "attributes": {
            "disable_dependent_services": null,
            "disable_on_destroy": true,
            "id": "banchanxanh/apigateway.googleapis.com",
            "project": "banchanxanh",
            "service": "apigateway.googleapis.com",
            "timeouts": null
          },
          "sensitive_attributes": [],
          "private": "eyJlMmJmYjczMC1lY2FhLTExZTYtOGY4OC0zNDM2M2JjN2M0YzAiOnsiY3JlYXRlIjoxMjAwMDAwMDAwMDAwLCJkZWxldGUiOjEyMDAwMDAwMDAwMDAsInJlYWQiOjYwMDAwMDAwMDAwMCwidXBkYXRlIjoxMjAwMDAwMDAwMDAwfX0="
        }
      ]
    },
    {
      "module": "module.cloud_sql",
      "mode": "managed",
      "type": "google_project_service",
      "name": "sqladmin",
      "provider": "provider[\"registry.terraform.io/hashicorp/google\"]",
      "instances": [
        {
          "schema_version": 0,
          "attributes": {
            "disable_dependent_services": null,
            "disable_on_destroy": true,
            "id": "banchanxanh/sqladmin.googleapis.com",
            "project": "banchanxanh",
            "service": "sqladmin.googleapis.com",
            "timeouts": null
          },
          "sensitive_attributes": [],
          "private": "eyJlMmJmYjczMC1lY2FhLTExZTYtOGY4OC0zNDM2M2JjN2M0YzAiOnsiY3JlYXRlIjoxMjAwMDAwMDAwMDAwLCJkZWxldGUiOjEyMDAwMDAwMDAwMDAsInJlYWQiOjYwMDAwMDAwMDAwMCwidXBkYXRlIjoxMjAwMDAwMDAwMDAwfX0="
        }
      ]
    },
    {
      "module": "module.cloud_sql",
      "mode": "managed",
      "type": "google_sql_database_instance",
      "name": "cloud_sql_instance",
      "provider": "provider[\"registry.terraform.io/hashicorp/google\"]",
      "instances": [
        {
          "schema_version": 0,
          "attributes": {
            "available_maintenance_versions": [],
            "clone": [],
            "connection_name": "banchanxanh:us-central1:bcx-sql-instance",
            "database_version": "POSTGRES_14",
            "deletion_protection": true,
            "dns_name": "",
            "encryption_key_name": null,
            "first_ip_address": "10.239.0.3",
            "id": "bcx-sql-instance",
            "instance_type": "CLOUD_SQL_INSTANCE",
            "ip_address": [
              {
                "ip_address": "10.239.0.3",
                "time_to_retire": "",
                "type": "PRIVATE"
              }
            ],
            "maintenance_version": "POSTGRES_14_13.R20240910.01_17",
            "master_instance_name": "",
            "name": "bcx-sql-instance",
            "private_ip_address": "10.239.0.3",
            "project": "banchanxanh",
            "psc_service_attachment_link": "",
            "public_ip_address": "",
            "region": "us-central1",
            "replica_configuration": [],
            "replica_names": [],
            "restore_backup_context": [],
            "root_password": null,
            "self_link": "https://sqladmin.googleapis.com/sql/v1beta4/projects/banchanxanh/instances/bcx-sql-instance",
            "server_ca_cert": [
              {
                "cert": "-----BEGIN CERTIFICATE-----\nMIIDfzCCAmegAwIBAgIBADANBgkqhkiG9w0BAQsFADB3MS0wKwYDVQQuEyQ2YjQw\nMzM2Mi01YjkxLTQ2ZTctYmRmNC05ODU2NjA0Mjc4ZDUxIzAhBgNVBAMTGkdvb2ds\nZSBDbG91ZCBTUUwgU2VydmVyIENBMRQwEgYDVQQKEwtHb29nbGUsIEluYzELMAkG\nA1UEBhMCVVMwHhcNMjQxMjA0MTQxMTI3WhcNMzQxMjAyMTQxMjI3WjB3MS0wKwYD\nVQQuEyQ2YjQwMzM2Mi01YjkxLTQ2ZTctYmRmNC05ODU2NjA0Mjc4ZDUxIzAhBgNV\nBAMTGkdvb2dsZSBDbG91ZCBTUUwgU2VydmVyIENBMRQwEgYDVQQKEwtHb29nbGUs\nIEluYzELMAkGA1UEBhMCVVMwggEiMA0GCSqGSIb3DQEBAQUAA4IBDwAwggEKAoIB\nAQDoEXL7pgsxsMicWlS9QmWRv/xFB/m/p8BIYL4d8mTn1jZCMhI791W8kNTuS5NR\nSe1OmD3VHYx/sGEE1sHUGDmuKgVufk+lwx5x0jlH/PuH6zGjEGFDnrY+SYCXv8qR\nq0t6ouOKXu6yT1LdQHr6C2H3cS6f9png2xRHWEqwqq32rIQMJs/L0FP0LiOYOD6A\nTql5wnBmeFogtkNFGtXulF6P3NbgHhv0J3l963m/jMFzFZmf82Pudk1vshAmCSHM\nusNMvSmAAiZn0bB4GkBcJqedryWpP3YceL+iJ6Ll8OM9V8U0BqiIbM/U65adfuYo\nJZW888N5+v42ppRs7U0ilXtBAgMBAAGjFjAUMBIGA1UdEwEB/wQIMAYBAf8CAQAw\nDQYJKoZIhvcNAQELBQADggEBADmnJ+ojSzdO+N5D2lAf4SKPeoMduDw0XIXDELMg\nBxktB5JuXe8A5AEpJ3EVVB8ZOptrp+HNZ9D9IQqT4Qm0+sK/1orZn/1Ge4dXAttl\nYwVuQA8NOjqb4R1RRU/y/t3ANadAR1FC9/bsYUm2cBn0cYCciOCwgTLuAh6lRIJ+\nZvrYp/ymnYFE9gFTaa8x8/KTngMtGLRi653T8/aP//hqH+XiHIIphtNYkbp8843r\nCX8/nm2zVFxJ9eokt98ZFAnrnI1F1LTH2TfYQRHGWp4hqMdZIOQkamPzbAm8BFPn\nzrrwpY/ivmRla6GoJoTaFbrl9DFIjOWhzKiqyXokcPhNRDk=\n-----END CERTIFICATE-----",
                "common_name": "C=US,O=Google\\, Inc,CN=Google Cloud SQL Server CA,dnQualifier=6b403362-5b91-46e7-bdf4-9856604278d5",
                "create_time": "2024-12-04T14:11:27.319Z",
                "expiration_time": "2034-12-02T14:12:27.319Z",
                "sha1_fingerprint": "c9631ddbe2c8204c3b8b5884bc09e70b784f5150"
              }
            ],
            "service_account_email_address": "p635518263206-2op24u@gcp-sa-cloud-sql.iam.gserviceaccount.com",
            "settings": [
              {
                "activation_policy": "ALWAYS",
                "active_directory_config": [],
                "advanced_machine_features": [],
                "availability_type": "ZONAL",
                "backup_configuration": [
                  {
                    "backup_retention_settings": [
                      {
                        "retained_backups": 7,
                        "retention_unit": "COUNT"
                      }
                    ],
                    "binary_log_enabled": false,
                    "enabled": false,
                    "location": "",
                    "point_in_time_recovery_enabled": false,
                    "start_time": "00:00",
                    "transaction_log_retention_days": 7
                  }
                ],
                "collation": "",
                "connector_enforcement": "NOT_REQUIRED",
                "data_cache_config": [],
                "database_flags": [
                  {
                    "name": "log_min_duration_statement",
                    "value": "1000"
                  },
                  {
                    "name": "log_statement",
                    "value": "all"
                  }
                ],
                "deletion_protection_enabled": false,
                "deny_maintenance_period": [],
                "disk_autoresize": true,
                "disk_autoresize_limit": 0,
                "disk_size": 10,
                "disk_type": "PD_SSD",
                "edition": "ENTERPRISE",
                "enable_dataplex_integration": false,
                "enable_google_ml_integration": false,
                "insights_config": [],
                "ip_configuration": [
                  {
                    "allocated_ip_range": "",
                    "authorized_networks": [],
                    "enable_private_path_for_google_cloud_services": false,
                    "ipv4_enabled": false,
                    "private_network": "projects/banchanxanh/global/networks/bcx-kubernetes-vpc",
                    "psc_config": [],
                    "server_ca_mode": "GOOGLE_MANAGED_INTERNAL_CA",
                    "ssl_mode": "ALLOW_UNENCRYPTED_AND_ENCRYPTED"
                  }
                ],
                "location_preference": [
                  {
                    "follow_gae_application": "",
                    "secondary_zone": "",
                    "zone": "us-central1-c"
                  }
                ],
                "maintenance_window": [],
                "password_validation_policy": [],
                "pricing_plan": "PER_USE",
                "sql_server_audit_config": [],
                "tier": "db-f1-micro",
                "time_zone": "",
                "user_labels": {},
                "version": 6
              }
            ],
            "timeouts": null
          },
          "sensitive_attributes": [
            [
              {
                "type": "get_attr",
                "value": "server_ca_cert"
              }
            ],
            [
              {
                "type": "get_attr",
                "value": "root_password"
              }
            ]
          ],
          "private": "eyJlMmJmYjczMC1lY2FhLTExZTYtOGY4OC0zNDM2M2JjN2M0YzAiOnsiY3JlYXRlIjo1NDAwMDAwMDAwMDAwLCJkZWxldGUiOjU0MDAwMDAwMDAwMDAsInVwZGF0ZSI6NTQwMDAwMDAwMDAwMH19"
        }
      ]
    },
    {
      "module": "module.cloud_sql",
      "mode": "managed",
      "type": "google_sql_user",
      "name": "sql_user",
      "provider": "provider[\"registry.terraform.io/hashicorp/google\"]",
      "instances": [
        {
          "schema_version": 1,
          "attributes": {
            "deletion_policy": null,
            "host": "",
            "id": "sql_user//bcx-sql-instance",
            "instance": "bcx-sql-instance",
            "name": "sql_user",
            "password": "Rx.93xqcEWHIvUH|\u003c8RHUg3Y",
            "password_policy": [],
            "project": "banchanxanh",
            "sql_server_user_details": [],
            "timeouts": null,
            "type": ""
          },
          "sensitive_attributes": [
            [
              {
                "type": "get_attr",
                "value": "password"
              }
            ],
            [
              {
                "type": "get_attr",
                "value": "name"
              }
            ]
          ],
          "private": "eyJlMmJmYjczMC1lY2FhLTExZTYtOGY4OC0zNDM2M2JjN2M0YzAiOnsiY3JlYXRlIjo2MDAwMDAwMDAwMDAsImRlbGV0ZSI6NjAwMDAwMDAwMDAwLCJ1cGRhdGUiOjYwMDAwMDAwMDAwMH0sInNjaGVtYV92ZXJzaW9uIjoiMSJ9",
          "dependencies": [
            "module.cloud_sql.google_sql_database_instance.cloud_sql_instance"
          ]
        }
      ]
    },
    {
      "module": "module.kubernetes",
      "mode": "managed",
      "type": "google_compute_subnetwork",
      "name": "kubernetes_subnet",
      "provider": "provider[\"registry.terraform.io/hashicorp/google\"]",
      "instances": [
        {
          "schema_version": 0,
          "attributes": {
            "creation_timestamp": "2024-12-05T23:29:58.738-08:00",
            "description": "",
            "external_ipv6_prefix": "",
            "fingerprint": null,
            "gateway_address": "10.0.0.1",
            "id": "projects/banchanxanh/regions/us-central1/subnetworks/kubernetes-subnet",
            "internal_ipv6_prefix": "",
            "ip_cidr_range": "10.0.0.0/16",
            "ipv6_access_type": "",
            "ipv6_cidr_range": "",
            "log_config": [],
            "name": "kubernetes-subnet",
            "network": "https://www.googleapis.com/compute/v1/projects/banchanxanh/global/networks/bcx-kubernetes-vpc",
            "private_ip_google_access": true,
            "private_ipv6_google_access": "DISABLE_GOOGLE_ACCESS",
            "project": "banchanxanh",
            "purpose": "PRIVATE",
            "region": "us-central1",
            "reserved_internal_range": "",
            "role": "",
            "secondary_ip_range": [
              {
                "ip_cidr_range": "10.1.0.0/20",
                "range_name": "pods",
                "reserved_internal_range": ""
              },
              {
                "ip_cidr_range": "10.2.0.0/24",
                "range_name": "services",
                "reserved_internal_range": ""
              }
            ],
            "self_link": "https://www.googleapis.com/compute/v1/projects/banchanxanh/regions/us-central1/subnetworks/kubernetes-subnet",
            "send_secondary_ip_range_if_empty": null,
            "stack_type": "IPV4_ONLY",
            "timeouts": null
          },
          "sensitive_attributes": [],
          "private": "eyJlMmJmYjczMC1lY2FhLTExZTYtOGY4OC0zNDM2M2JjN2M0YzAiOnsiY3JlYXRlIjoxMjAwMDAwMDAwMDAwLCJkZWxldGUiOjEyMDAwMDAwMDAwMDAsInVwZGF0ZSI6MTIwMDAwMDAwMDAwMH19",
          "dependencies": [
            "module.vpc.google_compute_network.vpc_network"
          ]
        }
      ]
    },
    {
      "module": "module.kubernetes",
      "mode": "managed",
      "type": "google_container_cluster",
      "name": "gke_cluster",
      "provider": "provider[\"registry.terraform.io/hashicorp/google\"]",
      "instances": [
        {
          "schema_version": 2,
          "attributes": {
            "addons_config": [
              {
                "cloudrun_config": [],
                "config_connector_config": [],
                "dns_cache_config": [],
                "gce_persistent_disk_csi_driver_config": [
                  {
                    "enabled": true
                  }
                ],
                "gcp_filestore_csi_driver_config": [],
                "gcs_fuse_csi_driver_config": [],
                "gke_backup_agent_config": [],
                "horizontal_pod_autoscaling": [],
                "http_load_balancing": [],
                "network_policy_config": [
                  {
                    "disabled": false
                  }
                ],
                "parallelstore_csi_driver_config": [],
                "ray_operator_config": [],
                "stateful_ha_config": []
              }
            ],
            "allow_net_admin": null,
            "authenticator_groups_config": [],
            "binary_authorization": [
              {
                "enabled": false,
                "evaluation_mode": ""
              }
            ],
            "cluster_autoscaling": [
              {
                "auto_provisioning_defaults": [],
                "auto_provisioning_locations": [],
                "autoscaling_profile": "BALANCED",
                "enabled": false,
                "resource_limits": []
              }
            ],
            "cluster_ipv4_cidr": "10.1.0.0/20",
            "confidential_nodes": [],
            "control_plane_endpoints_config": [
              {
                "dns_endpoint_config": [
                  {
                    "allow_external_traffic": false,
                    "endpoint": "gke-4e39f49af7824c1c9afffe6f03f9eaad3ca6-635518263206.us-central1.gke.goog"
                  }
                ]
              }
            ],
            "cost_management_config": [],
            "database_encryption": [
              {
                "key_name": "",
                "state": "DECRYPTED"
              }
            ],
            "datapath_provider": "",
            "default_max_pods_per_node": 110,
            "default_snat_status": [
              {
                "disabled": false
              }
            ],
            "deletion_protection": true,
            "description": "",
            "dns_config": [],
            "effective_labels": {
              "goog-terraform-provisioned": "true"
            },
            "enable_autopilot": false,
            "enable_cilium_clusterwide_network_policy": false,
            "enable_intranode_visibility": false,
            "enable_k8s_beta_apis": [],
            "enable_kubernetes_alpha": false,
            "enable_l4_ilb_subsetting": false,
            "enable_legacy_abac": false,
            "enable_multi_networking": false,
            "enable_shielded_nodes": true,
            "enable_tpu": false,
            "endpoint": "172.16.0.2",
            "fleet": [],
            "gateway_api_config": [],
            "id": "projects/banchanxanh/locations/us-central1/clusters/bcx-cluster",
            "identity_service_config": [],
            "initial_node_count": 1,
            "ip_allocation_policy": [
              {
                "additional_pod_ranges_config": [],
                "cluster_ipv4_cidr_block": "10.1.0.0/20",
                "cluster_secondary_range_name": "pods",
                "pod_cidr_overprovision_config": [
                  {
                    "disabled": false
                  }
                ],
                "services_ipv4_cidr_block": "10.2.0.0/24",
                "services_secondary_range_name": "services",
                "stack_type": "IPV4"
              }
            ],
            "label_fingerprint": "78cdf2f6",
            "location": "us-central1",
            "logging_config": [
              {
                "enable_components": [
                  "SYSTEM_COMPONENTS",
                  "WORKLOADS"
                ]
              }
            ],
            "logging_service": "logging.googleapis.com/kubernetes",
            "maintenance_policy": [],
            "master_auth": [
              {
                "client_certificate": "",
                "client_certificate_config": [
                  {
                    "issue_client_certificate": false
                  }
                ],
                "client_key": "",
                "cluster_ca_certificate": "LS0tLS1CRUdJTiBDRVJUSUZJQ0FURS0tLS0tCk1JSUVMRENDQXBTZ0F3SUJBZ0lRYXpPUlArdFdVT1BLMlFYdUlMbXQ4VEFOQmdrcWhraUc5dzBCQVFzRkFEQXYKTVMwd0t3WURWUVFERXlSa01HSTFZVGMwT1MxaE56azJMVFJpTTJRdFlqSTNNUzFoT1RnME9XRXlNR0U0TnpNdwpJQmNOTWpReE1qQTNNREkxTnpNMVdoZ1BNakExTkRFeE16QXdNelUzTXpWYU1DOHhMVEFyQmdOVkJBTVRKR1F3CllqVmhOelE1TFdFM09UWXROR0l6WkMxaU1qY3hMV0U1T0RRNVlUSXdZVGczTXpDQ0FhSXdEUVlKS29aSWh2Y04KQVFFQkJRQURnZ0dQQURDQ0FZb0NnZ0dCQUw3a1llVWNvQjBCMEdiV0xtcXAvS1l0dW1QZm1yNDEwMDhsMW5PQgpJZlZoKzdhUi9uL0p2MitpbWFDemFrZ0lBeHIva2tnTURtWXowTCtFaW1XLzBMeUVTN3E2SE1laTU3aEFSMnhKClZuV1FhWTRZbVQ1STNaejgxaVllOFNYSlA2ejFRa1FJL1UvVTN5TzFCenIyQ3ZubEZIbktxK2RiVHd5eVBxV1IKOFYzTjhid1M5STlYbTV1OXZ3WFlDL0pYMHJOdTBsYi8wSkNTNkZBUnl4VkhtaWNiUGc3MmdqaGI2enVuV1EycQpvcXU2UWsxeXpVNkJoNlZqYnAxTFpGRklleU5FT0xGZW1xRDZIY25tNUxNUTNRN29BUUZQWUh1Q1ppM2lXSlptCldPRk9XbjJXY0Y4aGJoRnkrbzNkVG1UQnhFVG5DSlZra2diTXJ1S3FFdDZDNEpKVjVJLzJ2MkFNY3ZCL3hPRTcKb29QQ3dQUkhwNjR2U0F6Rm0wQ29OYVd5NktMSnAvWUdDWFdIQml4bFlRWWZHbVkrV21aMlR0d0htMzNtYllZNgp5aXRTMUF6TVloUmJXSEc4WG4rek1iS1p2RkEzN0FodG1sUXVUTS85Um5NNEcxSXBaSERRZFZzS1VsK2g0ejlOCkx2N0doenUxOTBkWXVweGxmZHdPVjJwUkV3SURBUUFCbzBJd1FEQU9CZ05WSFE4QkFmOEVCQU1DQWdRd0R3WUQKVlIwVEFRSC9CQVV3QXdFQi96QWRCZ05WSFE0RUZnUVVkNytKTmtMSlZIcnhPT0lobjZBUE15dXFNNGd3RFFZSgpLb1pJaHZjTkFRRUxCUUFEZ2dHQkFGdUtLNXFZQUhqL1NDT3ZNWGZVN3NqaGVuUG1CWEkvSzliSFNpSEFkQk03CmZmTVYwaC9NQVVsck9sZXpjb3g5WjQ3RFNGTCsyOGJqWGJvM290WngzZkhJLzBBZ3NEZTk5UXhhZjAwYk5sbGYKRTgyMDcxbnRRUFJxVkFhVG1EYmZlV0NkdVRpT2I1Z1dzM0xCV2N0TnJoOHpoaThMZG9EOFkyK0dtWWVnamRmQworNHJocGFWM3RreWx5aEh0YjlJbFUwYmZxMUdUUml2eDk2WldhbUhISFdoM0xZWG95Z25qZmhmdzRZdTNqTFBvCkNTM1VBUno2S2FZOTlJYkZsR2x6WkdjM2lUcjRWRzJ4c1pwUWNtbzlJd2txWGN4RGlPSVFaZDlqeVRMWmUwaFkKQWtaRDV0UktmbTdrdGlYNWZaS3VFbjkzaXVrS3RiSXR2NEtTNERRMUdXNEJNTi93eW1LNlZpZ3ZHNHBaYkc2LwpPNU5mdm9JemY2cjNtSDVUQ3hXR1JOM1NvbmlROGFENHF4Vm1zclZxRGM0WmZUaUpFbi8vdnB1WWYwV0xmcWVXCnpZRzl2SDB0Wk4xMm15QmFNK3dmSHRkNTIvcDgwcjRZK3ZGT0cvRm5ycmpKUnZ2V2JBUDA4V1M2WjJ3SDdVZ24KZVJ5TmMyVDc2YWloMFZqcU5JY3VQdz09Ci0tLS0tRU5EIENFUlRJRklDQVRFLS0tLS0K"
              }
            ],
            "master_authorized_networks_config": [
              {
                "cidr_blocks": [
                  {
                    "cidr_block": "203.0.113.0/24",
                    "display_name": "Office Network"
                  }
                ],
                "gcp_public_cidrs_access_enabled": false,
                "private_endpoint_enforcement_enabled": true
              }
            ],
            "master_version": "1.30.5-gke.1443001",
            "mesh_certificates": [],
            "min_master_version": null,
            "monitoring_config": [
              {
                "advanced_datapath_observability_config": [
                  {
                    "enable_metrics": false,
                    "enable_relay": false
                  }
                ],
                "enable_components": [
                  "SYSTEM_COMPONENTS",
                  "STORAGE",
                  "HPA",
                  "POD",
                  "DAEMONSET",
                  "DEPLOYMENT",
                  "STATEFULSET",
                  "CADVISOR",
                  "KUBELET"
                ],
                "managed_prometheus": [
                  {
                    "enabled": true
                  }
                ]
              }
            ],
            "monitoring_service": "monitoring.googleapis.com/kubernetes",
            "name": "bcx-cluster",
            "network": "projects/banchanxanh/global/networks/bcx-kubernetes-vpc",
            "network_policy": [
              {
                "enabled": false,
                "provider": "PROVIDER_UNSPECIFIED"
              }
            ],
            "networking_mode": "VPC_NATIVE",
            "node_config": [],
            "node_locations": [
              "us-central1-a",
              "us-central1-c",
              "us-central1-f"
            ],
            "node_pool": [],
            "node_pool_auto_config": [],
            "node_pool_defaults": [
              {
                "node_config_defaults": [
                  {
                    "containerd_config": [],
                    "gcfs_config": [],
                    "insecure_kubelet_readonly_port_enabled": "FALSE",
                    "logging_variant": "DEFAULT"
                  }
                ]
              }
            ],
            "node_version": "1.30.5-gke.1443001",
            "notification_config": [
              {
                "pubsub": [
                  {
                    "enabled": false,
                    "filter": [],
                    "topic": ""
                  }
                ]
              }
            ],
            "operation": null,
            "private_cluster_config": [
              {
                "enable_private_endpoint": true,
                "enable_private_nodes": true,
                "master_global_access_config": [
                  {
                    "enabled": false
                  }
                ],
                "master_ipv4_cidr_block": "172.16.0.0/28",
                "peering_name": "",
                "private_endpoint": "172.16.0.2",
                "private_endpoint_subnetwork": "projects/banchanxanh/regions/us-central1/subnetworks/gke-bcx-cluster-6c344eab-pe-subnet",
                "public_endpoint": ""
              }
            ],
            "private_ipv6_google_access": "",
            "project": "banchanxanh",
            "release_channel": [
              {
                "channel": "REGULAR"
              }
            ],
            "remove_default_node_pool": true,
            "resource_labels": {},
            "resource_usage_export_config": [],
            "secret_manager_config": [
              {
                "enabled": false
              }
            ],
            "security_posture_config": [
              {
                "mode": "BASIC",
                "vulnerability_mode": "VULNERABILITY_MODE_UNSPECIFIED"
              }
            ],
            "self_link": "https://container.googleapis.com/v1/projects/banchanxanh/locations/us-central1/clusters/bcx-cluster",
            "service_external_ips_config": [
              {
                "enabled": false
              }
            ],
            "services_ipv4_cidr": "10.2.0.0/24",
            "subnetwork": "projects/banchanxanh/regions/us-central1/subnetworks/kubernetes-subnet",
            "terraform_labels": {
              "goog-terraform-provisioned": "true"
            },
            "timeouts": null,
            "tpu_ipv4_cidr_block": "",
            "user_managed_keys_config": [],
            "vertical_pod_autoscaling": [],
            "workload_identity_config": []
          },
          "sensitive_attributes": [
            [
              {
                "type": "get_attr",
                "value": "master_auth"
              },
              {
                "type": "index",
                "value": {
                  "value": 0,
                  "type": "number"
                }
              },
              {
                "type": "get_attr",
                "value": "client_key"
              }
            ]
          ],
          "private": "eyJlMmJmYjczMC1lY2FhLTExZTYtOGY4OC0zNDM2M2JjN2M0YzAiOnsiY3JlYXRlIjoyNDAwMDAwMDAwMDAwLCJkZWxldGUiOjI0MDAwMDAwMDAwMDAsInJlYWQiOjI0MDAwMDAwMDAwMDAsInVwZGF0ZSI6MzYwMDAwMDAwMDAwMH0sInNjaGVtYV92ZXJzaW9uIjoiMiJ9",
          "dependencies": [
            "module.kubernetes.google_compute_subnetwork.kubernetes_subnet",
            "module.vpc.google_compute_network.vpc_network"
          ]
        }
      ]
    },
    {
      "module": "module.kubernetes",
      "mode": "managed",
      "type": "google_project_service",
      "name": "gke",
      "provider": "provider[\"registry.terraform.io/hashicorp/google\"]",
      "instances": [
        {
          "schema_version": 0,
          "attributes": {
            "disable_dependent_services": null,
            "disable_on_destroy": true,
            "id": "banchanxanh/container.googleapis.com",
            "project": "banchanxanh",
            "service": "container.googleapis.com",
            "timeouts": null
          },
          "sensitive_attributes": [],
          "private": "eyJlMmJmYjczMC1lY2FhLTExZTYtOGY4OC0zNDM2M2JjN2M0YzAiOnsiY3JlYXRlIjoxMjAwMDAwMDAwMDAwLCJkZWxldGUiOjEyMDAwMDAwMDAwMDAsInJlYWQiOjYwMDAwMDAwMDAwMCwidXBkYXRlIjoxMjAwMDAwMDAwMDAwfX0="
        }
      ]
    },
    {
      "module": "module.vpc",
      "mode": "managed",
      "type": "google_compute_global_address",
      "name": "service_range",
      "provider": "provider[\"registry.terraform.io/hashicorp/google\"]",
      "instances": [
        {
          "schema_version": 0,
          "attributes": {
            "address": "10.239.0.0",
            "address_type": "INTERNAL",
            "creation_timestamp": "2024-12-06T16:53:13.239-08:00",
            "description": "",
            "effective_labels": {
              "goog-terraform-provisioned": "true"
            },
            "id": "projects/banchanxanh/global/addresses/google-managed-services",
            "ip_version": "",
            "label_fingerprint": "vezUS-42LLM=",
            "labels": {},
            "name": "google-managed-services",
            "network": "https://www.googleapis.com/compute/v1/projects/banchanxanh/global/networks/bcx-kubernetes-vpc",
            "prefix_length": 16,
            "project": "banchanxanh",
            "purpose": "VPC_PEERING",
            "self_link": "https://www.googleapis.com/compute/v1/projects/banchanxanh/global/addresses/google-managed-services",
            "terraform_labels": {
              "goog-terraform-provisioned": "true"
            },
            "timeouts": null
          },
          "sensitive_attributes": [],
          "private": "eyJlMmJmYjczMC1lY2FhLTExZTYtOGY4OC0zNDM2M2JjN2M0YzAiOnsiY3JlYXRlIjoxMjAwMDAwMDAwMDAwLCJkZWxldGUiOjEyMDAwMDAwMDAwMDAsInVwZGF0ZSI6MTIwMDAwMDAwMDAwMH19",
          "dependencies": [
            "module.vpc.google_compute_network.vpc_network"
          ]
        }
      ]
    },
    {
      "module": "module.vpc",
      "mode": "managed",
      "type": "google_compute_network",
      "name": "vpc_network",
      "provider": "provider[\"registry.terraform.io/hashicorp/google\"]",
      "instances": [
        {
          "schema_version": 0,
          "attributes": {
            "auto_create_subnetworks": false,
            "delete_default_routes_on_create": false,
            "description": "",
            "enable_ula_internal_ipv6": false,
            "gateway_ipv4": "",
            "id": "projects/banchanxanh/global/networks/bcx-kubernetes-vpc",
            "internal_ipv6_range": "",
            "mtu": 0,
            "name": "bcx-kubernetes-vpc",
            "network_firewall_policy_enforcement_order": "AFTER_CLASSIC_FIREWALL",
            "numeric_id": "2259593198173100338",
            "project": "banchanxanh",
            "routing_mode": "REGIONAL",
            "self_link": "https://www.googleapis.com/compute/v1/projects/banchanxanh/global/networks/bcx-kubernetes-vpc",
            "timeouts": null
          },
          "sensitive_attributes": [],
          "private": "eyJlMmJmYjczMC1lY2FhLTExZTYtOGY4OC0zNDM2M2JjN2M0YzAiOnsiY3JlYXRlIjoxMjAwMDAwMDAwMDAwLCJkZWxldGUiOjEyMDAwMDAwMDAwMDAsInVwZGF0ZSI6MTIwMDAwMDAwMDAwMH19"
        }
      ]
    },
    {
      "module": "module.vpc",
      "mode": "managed",
      "type": "google_compute_router",
      "name": "router",
      "provider": "provider[\"registry.terraform.io/hashicorp/google\"]",
      "instances": [
        {
          "schema_version": 0,
          "attributes": {
            "bgp": [],
            "creation_timestamp": "2024-12-05T23:29:58.705-08:00",
            "description": "",
            "encrypted_interconnect_router": false,
            "id": "projects/banchanxanh/regions/us-central1/routers/bcx-kubernetes-router",
            "name": "bcx-kubernetes-router",
            "network": "https://www.googleapis.com/compute/v1/projects/banchanxanh/global/networks/bcx-kubernetes-vpc",
            "project": "banchanxanh",
            "region": "us-central1",
            "self_link": "https://www.googleapis.com/compute/v1/projects/banchanxanh/regions/us-central1/routers/bcx-kubernetes-router",
            "timeouts": null
          },
          "sensitive_attributes": [],
          "private": "eyJlMmJmYjczMC1lY2FhLTExZTYtOGY4OC0zNDM2M2JjN2M0YzAiOnsiY3JlYXRlIjoxMjAwMDAwMDAwMDAwLCJkZWxldGUiOjEyMDAwMDAwMDAwMDAsInVwZGF0ZSI6MTIwMDAwMDAwMDAwMH19",
          "dependencies": [
            "module.vpc.google_compute_network.vpc_network"
          ]
        }
      ]
    },
    {
      "module": "module.vpc",
      "mode": "managed",
      "type": "google_compute_router_nat",
      "name": "nat",
      "provider": "provider[\"registry.terraform.io/hashicorp/google\"]",
      "instances": [
        {
          "schema_version": 0,
          "attributes": {
            "auto_network_tier": "PREMIUM",
            "drain_nat_ips": [],
            "enable_dynamic_port_allocation": false,
            "enable_endpoint_independent_mapping": false,
            "endpoint_types": [
              "ENDPOINT_TYPE_VM"
            ],
            "icmp_idle_timeout_sec": 30,
            "id": "banchanxanh/us-central1/bcx-kubernetes-router/bcx-kubernetes-nat",
            "initial_nat_ips": null,
            "log_config": [],
            "max_ports_per_vm": 0,
            "min_ports_per_vm": 0,
            "name": "bcx-kubernetes-nat",
            "nat_ip_allocate_option": "AUTO_ONLY",
            "nat_ips": [],
            "project": "banchanxanh",
            "region": "us-central1",
            "router": "bcx-kubernetes-router",
            "rules": [],
            "source_subnetwork_ip_ranges_to_nat": "ALL_SUBNETWORKS_ALL_IP_RANGES",
            "subnetwork": [],
            "tcp_established_idle_timeout_sec": 1200,
            "tcp_time_wait_timeout_sec": 120,
            "tcp_transitory_idle_timeout_sec": 30,
            "timeouts": null,
            "udp_idle_timeout_sec": 30
          },
          "sensitive_attributes": [],
          "private": "eyJlMmJmYjczMC1lY2FhLTExZTYtOGY4OC0zNDM2M2JjN2M0YzAiOnsiY3JlYXRlIjoxMjAwMDAwMDAwMDAwLCJkZWxldGUiOjEyMDAwMDAwMDAwMDAsInVwZGF0ZSI6MTIwMDAwMDAwMDAwMH19",
          "dependencies": [
            "module.vpc.google_compute_network.vpc_network",
            "module.vpc.google_compute_router.router"
          ]
        }
      ]
    },
    {
      "module": "module.vpc",
      "mode": "managed",
      "type": "google_service_networking_connection",
      "name": "private_vpc_connection",
      "provider": "provider[\"registry.terraform.io/hashicorp/google\"]",
      "instances": [
        {
          "schema_version": 0,
          "attributes": {
            "deletion_policy": null,
            "id": "projects%2Fbanchanxanh%2Fglobal%2Fnetworks%2Fbcx-kubernetes-vpc:servicenetworking.googleapis.com",
            "network": "projects/banchanxanh/global/networks/bcx-kubernetes-vpc",
            "peering": "servicenetworking-googleapis-com",
            "reserved_peering_ranges": [
              "google-managed-services"
            ],
            "service": "servicenetworking.googleapis.com",
            "timeouts": null,
            "update_on_creation_fail": null
          },
          "sensitive_attributes": [],
          "private": "eyJlMmJmYjczMC1lY2FhLTExZTYtOGY4OC0zNDM2M2JjN2M0YzAiOnsiY3JlYXRlIjo2MDAwMDAwMDAwMDAsImRlbGV0ZSI6NjAwMDAwMDAwMDAwLCJ1cGRhdGUiOjYwMDAwMDAwMDAwMH19",
          "dependencies": [
            "module.vpc.google_compute_global_address.service_range",
            "module.vpc.google_compute_network.vpc_network"
          ]
        }
      ]
    }
  ],
  "check_results": null
}
